<?xml version="1.0" encoding="utf-8"?>
<Project ToolsVersion="4.0" xmlns="http://schemas.microsoft.com/developer/msbuild/2003">
  <ItemGroup>
    <Filter Include="Source Files">
      <UniqueIdentifier>{4FC737F1-C7A5-4376-A066-2A32D752A2FF}</UniqueIdentifier>
      <Extensions>cpp;c;cc;cxx;def;odl;idl;hpj;bat;asm;asmx</Extensions>
    </Filter>
    <Filter Include="Header Files">
      <UniqueIdentifier>{93995380-89BD-4b04-88EB-625FBE52EBFB}</UniqueIdentifier>
      <Extensions>h;hh;hpp;hxx;hm;inl;inc;xsd</Extensions>
    </Filter>
    <Filter Include="Resource Files">
      <UniqueIdentifier>{67DA6AB6-F800-4c08-8B7A-83BB121AAD01}</UniqueIdentifier>
      <Extensions>rc;ico;cur;bmp;dlg;rc2;rct;bin;rgs;gif;jpg;jpeg;jpe;resx;tiff;tif;png;wav;mfcribbon-ms</Extensions>
    </Filter>
    <Filter Include="Power Node">
      <UniqueIdentifier>{f84c5b85-be64-428d-ba15-1b4397b00034}</UniqueIdentifier>
    </Filter>
    <Filter Include="rPodCommon">
      <UniqueIdentifier>{a374585c-ffa2-4b91-b9f2-70fba2dc3eff}</UniqueIdentifier>
    </Filter>
    <Filter Include="StepperNode">
      <UniqueIdentifier>{6fa93140-1077-4794-b029-1378dcbf0eef}</UniqueIdentifier>
    </Filter>
    <Filter Include="CCNode">
      <UniqueIdentifier>{ae530f14-e436-4d2e-acf1-4ace444fc083}</UniqueIdentifier>
    </Filter>
    <Filter Include="IOLayerSim">
      <UniqueIdentifier>{6d6b13a7-58ae-408f-b7e0-8cfbb49a5833}</UniqueIdentifier>
    </Filter>
  </ItemGroup>
  <ItemGroup>
    <Text Include="ReadMe.txt" />
  </ItemGroup>
  <ItemGroup>
    <ClInclude Include="stdafx.h">
      <Filter>Header Files</Filter>
    </ClInclude>
    <ClInclude Include="targetver.h">
      <Filter>Header Files</Filter>
    </ClInclude>
    <ClInclude Include="PowerNodeMain.h">
      <Filter>Power Node</Filter>
    </ClInclude>
    <ClInclude Include="rPodCommonConstants.h">
      <Filter>rPodCommon</Filter>
    </ClInclude>
    <ClInclude Include="TempSensors.h">
      <Filter>Power Node</Filter>
    </ClInclude>
    <ClInclude Include="PropulsionBus.h">
      <Filter>Power Node</Filter>
    </ClInclude>
    <ClInclude Include="BMS.h">
      <Filter>Power Node</Filter>
    </ClInclude>
    <ClInclude Include="BatteryCharger.h">
      <Filter>Power Node</Filter>
    </ClInclude>
    <ClInclude Include="PowerNodeParameters.h">
      <Filter>Power Node</Filter>
    </ClInclude>
    <ClInclude Include="StepperNodeParameters.h">
      <Filter>StepperNode</Filter>
    </ClInclude>
    <ClInclude Include="CCNodeParameters.h">
      <Filter>CCNode</Filter>
    </ClInclude>
    <ClInclude Include="CCNodeMain.h">
      <Filter>CCNode</Filter>
    </ClInclude>
    <ClInclude Include="StepperNodeMain.h">
      <Filter>StepperNode</Filter>
    </ClInclude>
    <ClInclude Include="LaserOrientation.h">
      <Filter>CCNode</Filter>
    </ClInclude>
    <ClInclude Include="..\..\..\bsc-slave-tools\rI2CRX.h">
      <Filter>rPodCommon</Filter>
    </ClInclude>
    <ClInclude Include="teensyByteOrder.h">
      <Filter>rPodCommon</Filter>
    </ClInclude>
    <ClInclude Include="PowerNodePiUart.h">
      <Filter>IOLayerSim</Filter>
    </ClInclude>
    <ClInclude Include="rI2CTX.h">
      <Filter>rPodCommon</Filter>
    </ClInclude>
    <ClInclude Include="CanBus.h">
      <Filter>IOLayerSim</Filter>
    </ClInclude>
    <ClInclude Include="ZmqSim.h">
      <Filter>IOLayerSim</Filter>
    </ClInclude>
    <ClInclude Include="PowerNodeCANBus.h">
      <Filter>Power Node</Filter>
    </ClInclude>
    <ClInclude Include="StepperNodeCANBus.h">
      <Filter>StepperNode</Filter>
    </ClInclude>
    <ClInclude Include="CCNodeCANBus.h">
      <Filter>CCNode</Filter>
    </ClInclude>
  </ItemGroup>
  <ItemGroup>
    <ClCompile Include="stdafx.cpp">
      <Filter>Source Files</Filter>
    </ClCompile>
    <ClCompile Include="PodAppLayer.cpp">
      <Filter>Source Files</Filter>
    </ClCompile>
    <ClCompile Include="PowerNodeMain.c">
      <Filter>Power Node</Filter>
    </ClCompile>
    <ClCompile Include="TempSensors.c">
      <Filter>Power Node</Filter>
    </ClCompile>
    <ClCompile Include="PropulsionBus.c">
      <Filter>Power Node</Filter>
    </ClCompile>
    <ClCompile Include="BMS.c">
      <Filter>Power Node</Filter>
    </ClCompile>
    <ClCompile Include="PowerNodeParameters.c">
      <Filter>Power Node</Filter>
    </ClCompile>
    <ClCompile Include="StepperNodeParameters.c">
      <Filter>StepperNode</Filter>
    </ClCompile>
    <ClCompile Include="CCNodeParameters.c">
      <Filter>CCNode</Filter>
    </ClCompile>
    <ClCompile Include="CCNodeMain.c">
      <Filter>CCNode</Filter>
    </ClCompile>
    <ClCompile Include="StepperNodeMain.c">
      <Filter>StepperNode</Filter>
    </ClCompile>
    <ClCompile Include="LaserOrientation.c">
      <Filter>CCNode</Filter>
    </ClCompile>
    <ClCompile Include="..\..\..\bsc-slave-tools\rI2CRX.c">
      <Filter>rPodCommon</Filter>
    </ClCompile>
    <ClCompile Include="PowerNodePiUart.c">
      <Filter>IOLayerSim</Filter>
    </ClCompile>
    <ClCompile Include="rI2CTX.c">
      <Filter>rPodCommon</Filter>
    </ClCompile>
    <ClCompile Include="CanBus.c">
      <Filter>IOLayerSim</Filter>
    </ClCompile>
    <ClCompile Include="ZmqSim.c">
      <Filter>IOLayerSim</Filter>
    </ClCompile>
    <ClCompile Include="PowerNodeCANBus.c">
      <Filter>Power Node</Filter>
    </ClCompile>
    <ClCompile Include="StepperNodeCANBus.c">
      <Filter>StepperNode</Filter>
    </ClCompile>
    <ClCompile Include="CCNodeCANBus.c">
      <Filter>CCNode</Filter>
    </ClCompile>
    <ClCompile Include="BatteryCharger.c">
      <Filter>Power Node</Filter>
    </ClCompile>
  </ItemGroup>
</Project>