
Microsoft Visual Studio Solution File, Format Version 12.00
# Visual Studio 14
VisualStudioVersion = 14.0.25420.1
MinimumVisualStudioVersion = 10.0.40219.1
Project("{8BC9CEB8-8B4A-11D0-8D11-00A0C91BC942}") = "LDLL173__RLOOP__LCCM653", "PROJECT_CODE\DLLS\LDLL173__RLOOP__LCCM653\LDLL173__RLOOP__LCCM653.vcxproj", "{58FDB1EB-504C-48AF-BC66-8B3E4CE6928A}"
EndProject
Project("{2150E333-8FDC-42A3-9474-1A3956D46DE8}") = "DLLS", "DLLS", "{77EAC05D-F9D0-4F71-A81E-C8E1DDE634F6}"
EndProject
Project("{8BC9CEB8-8B4A-11D0-8D11-00A0C91BC942}") = "LDLL174__RLOOP__LCCM655", "PROJECT_CODE\DLLS\LDLL174__RLOOP__LCCM655\LDLL174__RLOOP__LCCM655.vcxproj", "{BFEA03EC-D582-4A17-9360-F16B0C16EE78}"
EndProject
Project("{F184B08F-C81C-45F6-A57F-5ABD9991F28F}") = "LAPP184__RLOOP__PWRNODE_EMU", "LAPP184__RLOOP__PWRNODE_EMU\LAPP184__RLOOP__PWRNODE_EMU.vbproj", "{32471D11-A275-494C-B740-40179F755438}"
EndProject
Project("{8BC9CEB8-8B4A-11D0-8D11-00A0C91BC942}") = "LDLL175__RLOOP__LCCM656", "PROJECT_CODE\DLLS\LDLL175__RLOOP__LCCM656\LDLL175__RLOOP__LCCM656.vcxproj", "{D087679A-0064-4E58-8538-E629462CE7FA}"
EndProject
Project("{8BC9CEB8-8B4A-11D0-8D11-00A0C91BC942}") = "LDLL173__RLOOP__LCCM653_STATIC", "PROJECT_CODE\DLLS\LDLL173__RLOOP__LCCM653_STATIC\LDLL173__RLOOP__LCCM653_STATIC.vcxproj", "{F5514BAA-F87A-42CB-9232-740A10C7D1ED}"
EndProject
Project("{8BC9CEB8-8B4A-11D0-8D11-00A0C91BC942}") = "LDLL174__RLOOP__LCCM655_STATIC", "PROJECT_CODE\DLLS\LDLL174__RLOOP__LCCM655_STATIC\LDLL174__RLOOP__LCCM655_STATIC.vcxproj", "{0149AB11-DFAE-49F8-86CD-F264E74A23E0}"
EndProject
Project("{F184B08F-C81C-45F6-A57F-5ABD9991F28F}") = "LAPP185__RLOOP__FCU_EMU", "LAPP185__RLOOP__FCU_EMU\LAPP185__RLOOP__FCU_EMU.vbproj", "{8B7C4952-670A-42A4-B02A-B959EF9B12EE}"
EndProject
Project("{F184B08F-C81C-45F6-A57F-5ABD9991F28F}") = "LAPP187__RLOOP__PICOMMS_EMU", "LAPP187__RLOOP__PICOMMS_EMU\LAPP187__RLOOP__PICOMMS_EMU.vbproj", "{77998784-6362-4862-921D-37B78B98A65C}"
EndProject
Project("{F184B08F-C81C-45F6-A57F-5ABD9991F28F}") = "LAPP188__RLOOP__RPOD_CONTROL", "LAPP188__RLOOP__RPOD_CONTROL\LAPP188__RLOOP__RPOD_CONTROL.vbproj", "{8E5C312D-1F81-4874-8923-540C8BB076BB}"
EndProject
Project("{2150E333-8FDC-42A3-9474-1A3956D46DE8}") = "SIL3_DLLS", "SIL3_DLLS", "{7CF9F3DF-5CDB-4502-86E0-DEAAF9ADB53A}"
EndProject
Project("{FAE04EC0-301F-11D3-BF4B-00C04F79EFBC}") = "LDLL094__COMMONCODE__SHARP_PCAP", "COMMON_CODE\DLLS\LDLL094__COMMONCODE__SHARP_PCAP\LDLL094__COMMONCODE__SHARP_PCAP.csproj", "{24262E52-1304-4A25-8F73-A3B06E40592E}"
EndProject
Project("{FAE04EC0-301F-11D3-BF4B-00C04F79EFBC}") = "LDLL146__COMMONCODE__EXPLORER_BAR", "COMMON_CODE\DLLS\LDLL146__COMMONCODE__EXPLORER_BAR\LDLL146__COMMONCODE__EXPLORER_BAR.csproj", "{21EBF530-9BB8-4221-9DC4-AA2C93836971}"
EndProject
Project("{FAE04EC0-301F-11D3-BF4B-00C04F79EFBC}") = "LDLL147__COMMONCODE__PACKET_DOTNET", "COMMON_CODE\DLLS\LDLL147__COMMONCODE__PACKET_DOTNET\LDLL147__COMMONCODE__PACKET_DOTNET.csproj", "{3527CA91-EB5B-4627-844B-844D0EC2D9E6}"
EndProject
Project("{FAE04EC0-301F-11D3-BF4B-00C04F79EFBC}") = "LDLL178__COMMON_CODE__MICRO_TMER", "COMMON_CODE\DLLS\LDLL178__COMMON_CODE__MICRO_TMER\LDLL178__COMMON_CODE__MICRO_TMER.csproj", "{6EC6F8AC-9340-4B47-B3B1-87F78E301355}"
EndProject
Project("{8BC9CEB8-8B4A-11D0-8D11-00A0C91BC942}") = "LDLL179__RLOOP__LCCM667", "PROJECT_CODE\DLLS\LDLL179__RLOOP__LCCM667\LDLL179__RLOOP__LCCM667.vcxproj", "{5BDFDC06-8373-432F-97B2-2F0EE52CD26E}"
EndProject
Global
	GlobalSection(SolutionConfigurationPlatforms) = preSolution
		Debug|Any CPU = Debug|Any CPU
		Debug|x86 = Debug|x86
		Release|Any CPU = Release|Any CPU
		Release|x86 = Release|x86
	EndGlobalSection
	GlobalSection(ProjectConfigurationPlatforms) = postSolution
		{58FDB1EB-504C-48AF-BC66-8B3E4CE6928A}.Debug|Any CPU.ActiveCfg = Debug|Win32
		{58FDB1EB-504C-48AF-BC66-8B3E4CE6928A}.Debug|x86.ActiveCfg = Debug|Win32
		{58FDB1EB-504C-48AF-BC66-8B3E4CE6928A}.Debug|x86.Build.0 = Debug|Win32
		{58FDB1EB-504C-48AF-BC66-8B3E4CE6928A}.Release|Any CPU.ActiveCfg = Release|Win32
		{58FDB1EB-504C-48AF-BC66-8B3E4CE6928A}.Release|x86.ActiveCfg = Release|Win32
		{58FDB1EB-504C-48AF-BC66-8B3E4CE6928A}.Release|x86.Build.0 = Release|Win32
		{BFEA03EC-D582-4A17-9360-F16B0C16EE78}.Debug|Any CPU.ActiveCfg = Debug|Win32
		{BFEA03EC-D582-4A17-9360-F16B0C16EE78}.Debug|x86.ActiveCfg = Debug|Win32
		{BFEA03EC-D582-4A17-9360-F16B0C16EE78}.Debug|x86.Build.0 = Debug|Win32
		{BFEA03EC-D582-4A17-9360-F16B0C16EE78}.Release|Any CPU.ActiveCfg = Release|Win32
		{BFEA03EC-D582-4A17-9360-F16B0C16EE78}.Release|x86.ActiveCfg = Release|Win32
		{BFEA03EC-D582-4A17-9360-F16B0C16EE78}.Release|x86.Build.0 = Release|Win32
		{32471D11-A275-494C-B740-40179F755438}.Debug|Any CPU.ActiveCfg = Debug|Any CPU
		{32471D11-A275-494C-B740-40179F755438}.Debug|Any CPU.Build.0 = Debug|Any CPU
		{32471D11-A275-494C-B740-40179F755438}.Debug|x86.ActiveCfg = Debug|Any CPU
		{32471D11-A275-494C-B740-40179F755438}.Debug|x86.Build.0 = Debug|Any CPU
		{32471D11-A275-494C-B740-40179F755438}.Release|Any CPU.ActiveCfg = Release|Any CPU
		{32471D11-A275-494C-B740-40179F755438}.Release|Any CPU.Build.0 = Release|Any CPU
		{32471D11-A275-494C-B740-40179F755438}.Release|x86.ActiveCfg = Release|Any CPU
		{32471D11-A275-494C-B740-40179F755438}.Release|x86.Build.0 = Release|Any CPU
		{D087679A-0064-4E58-8538-E629462CE7FA}.Debug|Any CPU.ActiveCfg = Debug|Win32
		{D087679A-0064-4E58-8538-E629462CE7FA}.Debug|x86.ActiveCfg = Debug|Win32
		{D087679A-0064-4E58-8538-E629462CE7FA}.Debug|x86.Build.0 = Debug|Win32
		{D087679A-0064-4E58-8538-E629462CE7FA}.Release|Any CPU.ActiveCfg = Release|Win32
		{D087679A-0064-4E58-8538-E629462CE7FA}.Release|x86.ActiveCfg = Release|Win32
		{D087679A-0064-4E58-8538-E629462CE7FA}.Release|x86.Build.0 = Release|Win32
		{F5514BAA-F87A-42CB-9232-740A10C7D1ED}.Debug|Any CPU.ActiveCfg = Debug|Win32
		{F5514BAA-F87A-42CB-9232-740A10C7D1ED}.Debug|x86.ActiveCfg = Debug|Win32
		{F5514BAA-F87A-42CB-9232-740A10C7D1ED}.Debug|x86.Build.0 = Debug|Win32
		{F5514BAA-F87A-42CB-9232-740A10C7D1ED}.Release|Any CPU.ActiveCfg = Release|Win32
		{F5514BAA-F87A-42CB-9232-740A10C7D1ED}.Release|x86.ActiveCfg = Release|Win32
		{F5514BAA-F87A-42CB-9232-740A10C7D1ED}.Release|x86.Build.0 = Release|Win32
		{0149AB11-DFAE-49F8-86CD-F264E74A23E0}.Debug|Any CPU.ActiveCfg = Debug|Win32
		{0149AB11-DFAE-49F8-86CD-F264E74A23E0}.Debug|x86.ActiveCfg = Debug|Win32
		{0149AB11-DFAE-49F8-86CD-F264E74A23E0}.Debug|x86.Build.0 = Debug|Win32
		{0149AB11-DFAE-49F8-86CD-F264E74A23E0}.Release|Any CPU.ActiveCfg = Release|Win32
		{0149AB11-DFAE-49F8-86CD-F264E74A23E0}.Release|x86.ActiveCfg = Release|Win32
		{0149AB11-DFAE-49F8-86CD-F264E74A23E0}.Release|x86.Build.0 = Release|Win32
		{8B7C4952-670A-42A4-B02A-B959EF9B12EE}.Debug|Any CPU.ActiveCfg = Debug|Any CPU
		{8B7C4952-670A-42A4-B02A-B959EF9B12EE}.Debug|Any CPU.Build.0 = Debug|Any CPU
		{8B7C4952-670A-42A4-B02A-B959EF9B12EE}.Debug|x86.ActiveCfg = Debug|Any CPU
		{8B7C4952-670A-42A4-B02A-B959EF9B12EE}.Debug|x86.Build.0 = Debug|Any CPU
		{8B7C4952-670A-42A4-B02A-B959EF9B12EE}.Release|Any CPU.ActiveCfg = Release|Any CPU
		{8B7C4952-670A-42A4-B02A-B959EF9B12EE}.Release|Any CPU.Build.0 = Release|Any CPU
		{8B7C4952-670A-42A4-B02A-B959EF9B12EE}.Release|x86.ActiveCfg = Release|Any CPU
		{8B7C4952-670A-42A4-B02A-B959EF9B12EE}.Release|x86.Build.0 = Release|Any CPU
		{77998784-6362-4862-921D-37B78B98A65C}.Debug|Any CPU.ActiveCfg = Debug|Any CPU
		{77998784-6362-4862-921D-37B78B98A65C}.Debug|Any CPU.Build.0 = Debug|Any CPU
		{77998784-6362-4862-921D-37B78B98A65C}.Debug|x86.ActiveCfg = Debug|Any CPU
		{77998784-6362-4862-921D-37B78B98A65C}.Debug|x86.Build.0 = Debug|Any CPU
		{77998784-6362-4862-921D-37B78B98A65C}.Release|Any CPU.ActiveCfg = Release|Any CPU
		{77998784-6362-4862-921D-37B78B98A65C}.Release|Any CPU.Build.0 = Release|Any CPU
		{77998784-6362-4862-921D-37B78B98A65C}.Release|x86.ActiveCfg = Release|Any CPU
		{77998784-6362-4862-921D-37B78B98A65C}.Release|x86.Build.0 = Release|Any CPU
		{8E5C312D-1F81-4874-8923-540C8BB076BB}.Debug|Any CPU.ActiveCfg = Debug|Any CPU
		{8E5C312D-1F81-4874-8923-540C8BB076BB}.Debug|Any CPU.Build.0 = Debug|Any CPU
		{8E5C312D-1F81-4874-8923-540C8BB076BB}.Debug|x86.ActiveCfg = Debug|Any CPU
		{8E5C312D-1F81-4874-8923-540C8BB076BB}.Debug|x86.Build.0 = Debug|Any CPU
		{8E5C312D-1F81-4874-8923-540C8BB076BB}.Release|Any CPU.ActiveCfg = Release|Any CPU
		{8E5C312D-1F81-4874-8923-540C8BB076BB}.Release|Any CPU.Build.0 = Release|Any CPU
		{8E5C312D-1F81-4874-8923-540C8BB076BB}.Release|x86.ActiveCfg = Release|Any CPU
		{8E5C312D-1F81-4874-8923-540C8BB076BB}.Release|x86.Build.0 = Release|Any CPU
		{24262E52-1304-4A25-8F73-A3B06E40592E}.Debug|Any CPU.ActiveCfg = Debug|Any CPU
		{24262E52-1304-4A25-8F73-A3B06E40592E}.Debug|Any CPU.Build.0 = Debug|Any CPU
		{24262E52-1304-4A25-8F73-A3B06E40592E}.Debug|x86.ActiveCfg = Debug|Any CPU
		{24262E52-1304-4A25-8F73-A3B06E40592E}.Debug|x86.Build.0 = Debug|Any CPU
		{24262E52-1304-4A25-8F73-A3B06E40592E}.Release|Any CPU.ActiveCfg = Release|Any CPU
		{24262E52-1304-4A25-8F73-A3B06E40592E}.Release|Any CPU.Build.0 = Release|Any CPU
		{24262E52-1304-4A25-8F73-A3B06E40592E}.Release|x86.ActiveCfg = Release|Any CPU
		{24262E52-1304-4A25-8F73-A3B06E40592E}.Release|x86.Build.0 = Release|Any CPU
		{21EBF530-9BB8-4221-9DC4-AA2C93836971}.Debug|Any CPU.ActiveCfg = Debug|Any CPU
		{21EBF530-9BB8-4221-9DC4-AA2C93836971}.Debug|Any CPU.Build.0 = Debug|Any CPU
		{21EBF530-9BB8-4221-9DC4-AA2C93836971}.Debug|x86.ActiveCfg = Debug|Any CPU
		{21EBF530-9BB8-4221-9DC4-AA2C93836971}.Debug|x86.Build.0 = Debug|Any CPU
		{21EBF530-9BB8-4221-9DC4-AA2C93836971}.Release|Any CPU.ActiveCfg = Release|Any CPU
		{21EBF530-9BB8-4221-9DC4-AA2C93836971}.Release|Any CPU.Build.0 = Release|Any CPU
		{21EBF530-9BB8-4221-9DC4-AA2C93836971}.Release|x86.ActiveCfg = Release|Any CPU
		{21EBF530-9BB8-4221-9DC4-AA2C93836971}.Release|x86.Build.0 = Release|Any CPU
		{3527CA91-EB5B-4627-844B-844D0EC2D9E6}.Debug|Any CPU.ActiveCfg = Debug|Any CPU
		{3527CA91-EB5B-4627-844B-844D0EC2D9E6}.Debug|Any CPU.Build.0 = Debug|Any CPU
		{3527CA91-EB5B-4627-844B-844D0EC2D9E6}.Debug|x86.ActiveCfg = Debug|Any CPU
		{3527CA91-EB5B-4627-844B-844D0EC2D9E6}.Debug|x86.Build.0 = Debug|Any CPU
		{3527CA91-EB5B-4627-844B-844D0EC2D9E6}.Release|Any CPU.ActiveCfg = Release|Any CPU
		{3527CA91-EB5B-4627-844B-844D0EC2D9E6}.Release|Any CPU.Build.0 = Release|Any CPU
		{3527CA91-EB5B-4627-844B-844D0EC2D9E6}.Release|x86.ActiveCfg = Release|Any CPU
		{3527CA91-EB5B-4627-844B-844D0EC2D9E6}.Release|x86.Build.0 = Release|Any CPU
		{6EC6F8AC-9340-4B47-B3B1-87F78E301355}.Debug|Any CPU.ActiveCfg = Debug|Any CPU
		{6EC6F8AC-9340-4B47-B3B1-87F78E301355}.Debug|Any CPU.Build.0 = Debug|Any CPU
		{6EC6F8AC-9340-4B47-B3B1-87F78E301355}.Debug|x86.ActiveCfg = Debug|Any CPU
		{6EC6F8AC-9340-4B47-B3B1-87F78E301355}.Debug|x86.Build.0 = Debug|Any CPU
		{6EC6F8AC-9340-4B47-B3B1-87F78E301355}.Release|Any CPU.ActiveCfg = Release|Any CPU
		{6EC6F8AC-9340-4B47-B3B1-87F78E301355}.Release|Any CPU.Build.0 = Release|Any CPU
		{6EC6F8AC-9340-4B47-B3B1-87F78E301355}.Release|x86.ActiveCfg = Release|Any CPU
		{6EC6F8AC-9340-4B47-B3B1-87F78E301355}.Release|x86.Build.0 = Release|Any CPU
		{5BDFDC06-8373-432F-97B2-2F0EE52CD26E}.Debug|Any CPU.ActiveCfg = Debug|Win32
		{5BDFDC06-8373-432F-97B2-2F0EE52CD26E}.Debug|x86.ActiveCfg = Debug|Win32
		{5BDFDC06-8373-432F-97B2-2F0EE52CD26E}.Debug|x86.Build.0 = Debug|Win32
		{5BDFDC06-8373-432F-97B2-2F0EE52CD26E}.Release|Any CPU.ActiveCfg = Release|Win32
		{5BDFDC06-8373-432F-97B2-2F0EE52CD26E}.Release|x86.ActiveCfg = Release|Win32
		{5BDFDC06-8373-432F-97B2-2F0EE52CD26E}.Release|x86.Build.0 = Release|Win32
	EndGlobalSection
	GlobalSection(SolutionProperties) = preSolution
		HideSolutionNode = FALSE
	EndGlobalSection
	GlobalSection(NestedProjects) = preSolution
		{58FDB1EB-504C-48AF-BC66-8B3E4CE6928A} = {77EAC05D-F9D0-4F71-A81E-C8E1DDE634F6}
		{BFEA03EC-D582-4A17-9360-F16B0C16EE78} = {77EAC05D-F9D0-4F71-A81E-C8E1DDE634F6}
		{D087679A-0064-4E58-8538-E629462CE7FA} = {77EAC05D-F9D0-4F71-A81E-C8E1DDE634F6}
		{F5514BAA-F87A-42CB-9232-740A10C7D1ED} = {77EAC05D-F9D0-4F71-A81E-C8E1DDE634F6}
		{0149AB11-DFAE-49F8-86CD-F264E74A23E0} = {77EAC05D-F9D0-4F71-A81E-C8E1DDE634F6}
		{24262E52-1304-4A25-8F73-A3B06E40592E} = {7CF9F3DF-5CDB-4502-86E0-DEAAF9ADB53A}
		{21EBF530-9BB8-4221-9DC4-AA2C93836971} = {7CF9F3DF-5CDB-4502-86E0-DEAAF9ADB53A}
		{3527CA91-EB5B-4627-844B-844D0EC2D9E6} = {7CF9F3DF-5CDB-4502-86E0-DEAAF9ADB53A}
		{6EC6F8AC-9340-4B47-B3B1-87F78E301355} = {7CF9F3DF-5CDB-4502-86E0-DEAAF9ADB53A}
		{5BDFDC06-8373-432F-97B2-2F0EE52CD26E} = {77EAC05D-F9D0-4F71-A81E-C8E1DDE634F6}
	EndGlobalSection
EndGlobal
