
Microsoft Visual Studio Solution File, Format Version 12.00
# Visual Studio 15
VisualStudioVersion = 15.0.26430.14
MinimumVisualStudioVersion = 10.0.40219.1
Project("{8BC9CEB8-8B4A-11D0-8D11-00A0C91BC942}") = "LDLL173__RLOOP__LCCM653", "PROJECT_CODE\DLLS\LDLL173__RLOOP__LCCM653\LDLL173__RLOOP__LCCM653.vcxproj", "{58FDB1EB-504C-48AF-BC66-8B3E4CE6928A}"
EndProject
Project("{2150E333-8FDC-42A3-9474-1A3956D46DE8}") = "DLLS", "DLLS", "{77EAC05D-F9D0-4F71-A81E-C8E1DDE634F6}"
EndProject
Project("{8BC9CEB8-8B4A-11D0-8D11-00A0C91BC942}") = "LDLL174__RLOOP__LCCM655", "PROJECT_CODE\DLLS\LDLL174__RLOOP__LCCM655\LDLL174__RLOOP__LCCM655.vcxproj", "{BFEA03EC-D582-4A17-9360-F16B0C16EE78}"
EndProject
Project("{F184B08F-C81C-45F6-A57F-5ABD9991F28F}") = "LAPP184__RLOOP__PWRNODE_EMU", "LAPP184__RLOOP__PWRNODE_EMU\LAPP184__RLOOP__PWRNODE_EMU.vbproj", "{32471D11-A275-494C-B740-40179F755438}"
EndProject
Project("{F184B08F-C81C-45F6-A57F-5ABD9991F28F}") = "LAPP185__RLOOP__FCU_EMU", "LAPP185__RLOOP__FCU_EMU\LAPP185__RLOOP__FCU_EMU.vbproj", "{8B7C4952-670A-42A4-B02A-B959EF9B12EE}"
EndProject
Project("{F184B08F-C81C-45F6-A57F-5ABD9991F28F}") = "LAPP188__RLOOP__RPOD_CONTROL", "LAPP188__RLOOP__RPOD_CONTROL\LAPP188__RLOOP__RPOD_CONTROL.vbproj", "{8E5C312D-1F81-4874-8923-540C8BB076BB}"
EndProject
Project("{2150E333-8FDC-42A3-9474-1A3956D46DE8}") = "PYTHON", "PYTHON", "{7CF9F3DF-5CDB-4502-86E0-DEAAF9ADB53A}"
EndProject
Project("{F184B08F-C81C-45F6-A57F-5ABD9991F28F}") = "LAPP208__RLOOP__AUXPROP_EMU", "LAPP208__RLOOP__AUXPROP_EMU\LAPP208__RLOOP__AUXPROP_EMU.vbproj", "{FDF00F55-7F20-4EED-B798-6711CEB99422}"
EndProject
Project("{8BC9CEB8-8B4A-11D0-8D11-00A0C91BC942}") = "LDLL179__RLOOP__LCCM667", "PROJECT_CODE\DLLS\LDLL179__RLOOP__LCCM667\LDLL179__RLOOP__LCCM667.vcxproj", "{5BDFDC06-8373-432F-97B2-2F0EE52CD26E}"
EndProject
Project("{8BC9CEB8-8B4A-11D0-8D11-00A0C91BC942}") = "LDLL180__RLOOP__LCCM720", "PROJECT_CODE\DLLS\LDLL180__RLOOP__LCCM720\LDLL180__RLOOP__LCCM720.vcxproj", "{C6EC39DF-EBDF-40D1-87FA-D49C6E579947}"
EndProject
Project("{8BC9CEB8-8B4A-11D0-8D11-00A0C91BC942}") = "LDLL181__RLOOP__LCCM721", "PROJECT_CODE\DLLS\LDLL181__RLOOP__LCCM721\LDLL181__RLOOP__LCCM721.vcxproj", "{2ADFFA59-7D9E-4B8A-8AD2-DC2AB7AB2085}"
EndProject
Project("{8BC9CEB8-8B4A-11D0-8D11-00A0C91BC942}") = "LDLL182__RLOOP__LCCM722", "PROJECT_CODE\DLLS\LDLL182__RLOOP__LCCM722\LDLL182__RLOOP__LCCM722.vcxproj", "{D699A8C8-4493-4AF4-9114-AA182FECEC0E}"
EndProject
Project("{8BC9CEB8-8B4A-11D0-8D11-00A0C91BC942}") = "LDLL183__RLOOP__LCCM719", "PROJECT_CODE\DLLS\LDLL183__RLOOP__LCCM719\LDLL183__RLOOP__LCCM719.vcxproj", "{878DFE15-490B-48AE-AA0E-742774F138AB}"
EndProject
Project("{F184B08F-C81C-45F6-A57F-5ABD9991F28F}") = "LAPP210__RLOOP__LGU_EMU", "LAPP210__RLOOP__LGU_EMU\LAPP210__RLOOP__LGU_EMU.vbproj", "{AEB759BE-1858-4403-8095-C90688F71A55}"
EndProject
Project("{F184B08F-C81C-45F6-A57F-5ABD9991F28F}") = "LAPP209__RLOOP__HE_THERM_EMU", "LAPP209__RLOOP__HE_THERM_EMU\LAPP209__RLOOP__HE_THERM_EMU.vbproj", "{BDBE4848-8A3F-4BFD-9DB4-A53C4A9173E7}"
EndProject
Project("{2150E333-8FDC-42A3-9474-1A3956D46DE8}") = "EMULATORS", "EMULATORS", "{8F69C04A-08F8-42A5-9F4A-50F612FE3357}"
EndProject
Global
	GlobalSection(SolutionConfigurationPlatforms) = preSolution
		Debug|Any CPU = Debug|Any CPU
		Debug|x86 = Debug|x86
		Release|Any CPU = Release|Any CPU
		Release|x86 = Release|x86
	EndGlobalSection
	GlobalSection(ProjectConfigurationPlatforms) = postSolution
		{58FDB1EB-504C-48AF-BC66-8B3E4CE6928A}.Debug|Any CPU.ActiveCfg = Debug|Win32
		{58FDB1EB-504C-48AF-BC66-8B3E4CE6928A}.Debug|x86.ActiveCfg = Debug|Win32
		{58FDB1EB-504C-48AF-BC66-8B3E4CE6928A}.Debug|x86.Build.0 = Debug|Win32
		{58FDB1EB-504C-48AF-BC66-8B3E4CE6928A}.Release|Any CPU.ActiveCfg = Release|Win32
		{58FDB1EB-504C-48AF-BC66-8B3E4CE6928A}.Release|x86.ActiveCfg = Release|Win32
		{58FDB1EB-504C-48AF-BC66-8B3E4CE6928A}.Release|x86.Build.0 = Release|Win32
		{BFEA03EC-D582-4A17-9360-F16B0C16EE78}.Debug|Any CPU.ActiveCfg = Debug|Win32
		{BFEA03EC-D582-4A17-9360-F16B0C16EE78}.Debug|x86.ActiveCfg = Debug|Win32
		{BFEA03EC-D582-4A17-9360-F16B0C16EE78}.Debug|x86.Build.0 = Debug|Win32
		{BFEA03EC-D582-4A17-9360-F16B0C16EE78}.Release|Any CPU.ActiveCfg = Release|Win32
		{BFEA03EC-D582-4A17-9360-F16B0C16EE78}.Release|x86.ActiveCfg = Release|Win32
		{BFEA03EC-D582-4A17-9360-F16B0C16EE78}.Release|x86.Build.0 = Release|Win32
		{32471D11-A275-494C-B740-40179F755438}.Debug|Any CPU.ActiveCfg = Debug|Any CPU
		{32471D11-A275-494C-B740-40179F755438}.Debug|Any CPU.Build.0 = Debug|Any CPU
		{32471D11-A275-494C-B740-40179F755438}.Debug|x86.ActiveCfg = Debug|Any CPU
		{32471D11-A275-494C-B740-40179F755438}.Debug|x86.Build.0 = Debug|Any CPU
		{32471D11-A275-494C-B740-40179F755438}.Release|Any CPU.ActiveCfg = Release|Any CPU
		{32471D11-A275-494C-B740-40179F755438}.Release|Any CPU.Build.0 = Release|Any CPU
		{32471D11-A275-494C-B740-40179F755438}.Release|x86.ActiveCfg = Release|Any CPU
		{32471D11-A275-494C-B740-40179F755438}.Release|x86.Build.0 = Release|Any CPU
		{8B7C4952-670A-42A4-B02A-B959EF9B12EE}.Debug|Any CPU.ActiveCfg = Debug|Any CPU
		{8B7C4952-670A-42A4-B02A-B959EF9B12EE}.Debug|Any CPU.Build.0 = Debug|Any CPU
		{8B7C4952-670A-42A4-B02A-B959EF9B12EE}.Debug|x86.ActiveCfg = Debug|Any CPU
		{8B7C4952-670A-42A4-B02A-B959EF9B12EE}.Debug|x86.Build.0 = Debug|Any CPU
		{8B7C4952-670A-42A4-B02A-B959EF9B12EE}.Release|Any CPU.ActiveCfg = Release|Any CPU
		{8B7C4952-670A-42A4-B02A-B959EF9B12EE}.Release|Any CPU.Build.0 = Release|Any CPU
		{8B7C4952-670A-42A4-B02A-B959EF9B12EE}.Release|x86.ActiveCfg = Release|Any CPU
		{8B7C4952-670A-42A4-B02A-B959EF9B12EE}.Release|x86.Build.0 = Release|Any CPU
		{8E5C312D-1F81-4874-8923-540C8BB076BB}.Debug|Any CPU.ActiveCfg = Debug|Any CPU
		{8E5C312D-1F81-4874-8923-540C8BB076BB}.Debug|Any CPU.Build.0 = Debug|Any CPU
		{8E5C312D-1F81-4874-8923-540C8BB076BB}.Debug|x86.ActiveCfg = Debug|Any CPU
		{8E5C312D-1F81-4874-8923-540C8BB076BB}.Debug|x86.Build.0 = Debug|Any CPU
		{8E5C312D-1F81-4874-8923-540C8BB076BB}.Release|Any CPU.ActiveCfg = Release|Any CPU
		{8E5C312D-1F81-4874-8923-540C8BB076BB}.Release|Any CPU.Build.0 = Release|Any CPU
		{8E5C312D-1F81-4874-8923-540C8BB076BB}.Release|x86.ActiveCfg = Release|Any CPU
		{8E5C312D-1F81-4874-8923-540C8BB076BB}.Release|x86.Build.0 = Release|Any CPU
		{FDF00F55-7F20-4EED-B798-6711CEB99422}.Debug|Any CPU.ActiveCfg = Debug|Any CPU
		{FDF00F55-7F20-4EED-B798-6711CEB99422}.Debug|Any CPU.Build.0 = Debug|Any CPU
		{FDF00F55-7F20-4EED-B798-6711CEB99422}.Debug|x86.ActiveCfg = Debug|Any CPU
		{FDF00F55-7F20-4EED-B798-6711CEB99422}.Debug|x86.Build.0 = Debug|Any CPU
		{FDF00F55-7F20-4EED-B798-6711CEB99422}.Release|Any CPU.ActiveCfg = Release|Any CPU
		{FDF00F55-7F20-4EED-B798-6711CEB99422}.Release|Any CPU.Build.0 = Release|Any CPU
		{FDF00F55-7F20-4EED-B798-6711CEB99422}.Release|x86.ActiveCfg = Release|Any CPU
		{FDF00F55-7F20-4EED-B798-6711CEB99422}.Release|x86.Build.0 = Release|Any CPU
		{5BDFDC06-8373-432F-97B2-2F0EE52CD26E}.Debug|Any CPU.ActiveCfg = Debug|Win32
		{5BDFDC06-8373-432F-97B2-2F0EE52CD26E}.Debug|x86.ActiveCfg = Debug|Win32
		{5BDFDC06-8373-432F-97B2-2F0EE52CD26E}.Debug|x86.Build.0 = Debug|Win32
		{5BDFDC06-8373-432F-97B2-2F0EE52CD26E}.Release|Any CPU.ActiveCfg = Release|Win32
		{5BDFDC06-8373-432F-97B2-2F0EE52CD26E}.Release|x86.ActiveCfg = Release|Win32
		{5BDFDC06-8373-432F-97B2-2F0EE52CD26E}.Release|x86.Build.0 = Release|Win32
		{C6EC39DF-EBDF-40D1-87FA-D49C6E579947}.Debug|Any CPU.ActiveCfg = Debug|Win32
		{C6EC39DF-EBDF-40D1-87FA-D49C6E579947}.Debug|x86.ActiveCfg = Debug|Win32
		{C6EC39DF-EBDF-40D1-87FA-D49C6E579947}.Debug|x86.Build.0 = Debug|Win32
		{C6EC39DF-EBDF-40D1-87FA-D49C6E579947}.Release|Any CPU.ActiveCfg = Release|Win32
		{C6EC39DF-EBDF-40D1-87FA-D49C6E579947}.Release|x86.ActiveCfg = Release|Win32
		{C6EC39DF-EBDF-40D1-87FA-D49C6E579947}.Release|x86.Build.0 = Release|Win32
		{2ADFFA59-7D9E-4B8A-8AD2-DC2AB7AB2085}.Debug|Any CPU.ActiveCfg = Debug|Win32
		{2ADFFA59-7D9E-4B8A-8AD2-DC2AB7AB2085}.Debug|x86.ActiveCfg = Debug|Win32
		{2ADFFA59-7D9E-4B8A-8AD2-DC2AB7AB2085}.Debug|x86.Build.0 = Debug|Win32
		{2ADFFA59-7D9E-4B8A-8AD2-DC2AB7AB2085}.Release|Any CPU.ActiveCfg = Release|Win32
		{2ADFFA59-7D9E-4B8A-8AD2-DC2AB7AB2085}.Release|x86.ActiveCfg = Release|Win32
		{2ADFFA59-7D9E-4B8A-8AD2-DC2AB7AB2085}.Release|x86.Build.0 = Release|Win32
		{D699A8C8-4493-4AF4-9114-AA182FECEC0E}.Debug|Any CPU.ActiveCfg = Debug|Win32
		{D699A8C8-4493-4AF4-9114-AA182FECEC0E}.Debug|x86.ActiveCfg = Debug|Win32
		{D699A8C8-4493-4AF4-9114-AA182FECEC0E}.Debug|x86.Build.0 = Debug|Win32
		{D699A8C8-4493-4AF4-9114-AA182FECEC0E}.Release|Any CPU.ActiveCfg = Release|Win32
		{D699A8C8-4493-4AF4-9114-AA182FECEC0E}.Release|x86.ActiveCfg = Release|Win32
		{D699A8C8-4493-4AF4-9114-AA182FECEC0E}.Release|x86.Build.0 = Release|Win32
		{878DFE15-490B-48AE-AA0E-742774F138AB}.Debug|Any CPU.ActiveCfg = Debug|Win32
		{878DFE15-490B-48AE-AA0E-742774F138AB}.Debug|x86.ActiveCfg = Debug|Win32
		{878DFE15-490B-48AE-AA0E-742774F138AB}.Debug|x86.Build.0 = Debug|Win32
		{878DFE15-490B-48AE-AA0E-742774F138AB}.Release|Any CPU.ActiveCfg = Release|Win32
		{878DFE15-490B-48AE-AA0E-742774F138AB}.Release|x86.ActiveCfg = Release|Win32
		{878DFE15-490B-48AE-AA0E-742774F138AB}.Release|x86.Build.0 = Release|Win32
		{AEB759BE-1858-4403-8095-C90688F71A55}.Debug|Any CPU.ActiveCfg = Debug|Any CPU
		{AEB759BE-1858-4403-8095-C90688F71A55}.Debug|Any CPU.Build.0 = Debug|Any CPU
		{AEB759BE-1858-4403-8095-C90688F71A55}.Debug|x86.ActiveCfg = Debug|Any CPU
		{AEB759BE-1858-4403-8095-C90688F71A55}.Debug|x86.Build.0 = Debug|Any CPU
		{AEB759BE-1858-4403-8095-C90688F71A55}.Release|Any CPU.ActiveCfg = Release|Any CPU
		{AEB759BE-1858-4403-8095-C90688F71A55}.Release|Any CPU.Build.0 = Release|Any CPU
		{AEB759BE-1858-4403-8095-C90688F71A55}.Release|x86.ActiveCfg = Release|Any CPU
		{AEB759BE-1858-4403-8095-C90688F71A55}.Release|x86.Build.0 = Release|Any CPU
		{BDBE4848-8A3F-4BFD-9DB4-A53C4A9173E7}.Debug|Any CPU.ActiveCfg = Debug|Any CPU
		{BDBE4848-8A3F-4BFD-9DB4-A53C4A9173E7}.Debug|Any CPU.Build.0 = Debug|Any CPU
		{BDBE4848-8A3F-4BFD-9DB4-A53C4A9173E7}.Debug|x86.ActiveCfg = Debug|Any CPU
		{BDBE4848-8A3F-4BFD-9DB4-A53C4A9173E7}.Debug|x86.Build.0 = Debug|Any CPU
		{BDBE4848-8A3F-4BFD-9DB4-A53C4A9173E7}.Release|Any CPU.ActiveCfg = Release|Any CPU
		{BDBE4848-8A3F-4BFD-9DB4-A53C4A9173E7}.Release|Any CPU.Build.0 = Release|Any CPU
		{BDBE4848-8A3F-4BFD-9DB4-A53C4A9173E7}.Release|x86.ActiveCfg = Release|Any CPU
		{BDBE4848-8A3F-4BFD-9DB4-A53C4A9173E7}.Release|x86.Build.0 = Release|Any CPU
	EndGlobalSection
	GlobalSection(SolutionProperties) = preSolution
		HideSolutionNode = FALSE
	EndGlobalSection
	GlobalSection(NestedProjects) = preSolution
		{58FDB1EB-504C-48AF-BC66-8B3E4CE6928A} = {77EAC05D-F9D0-4F71-A81E-C8E1DDE634F6}
		{BFEA03EC-D582-4A17-9360-F16B0C16EE78} = {77EAC05D-F9D0-4F71-A81E-C8E1DDE634F6}
		{32471D11-A275-494C-B740-40179F755438} = {8F69C04A-08F8-42A5-9F4A-50F612FE3357}
		{8B7C4952-670A-42A4-B02A-B959EF9B12EE} = {8F69C04A-08F8-42A5-9F4A-50F612FE3357}
		{FDF00F55-7F20-4EED-B798-6711CEB99422} = {8F69C04A-08F8-42A5-9F4A-50F612FE3357}
		{5BDFDC06-8373-432F-97B2-2F0EE52CD26E} = {77EAC05D-F9D0-4F71-A81E-C8E1DDE634F6}
		{C6EC39DF-EBDF-40D1-87FA-D49C6E579947} = {77EAC05D-F9D0-4F71-A81E-C8E1DDE634F6}
		{2ADFFA59-7D9E-4B8A-8AD2-DC2AB7AB2085} = {77EAC05D-F9D0-4F71-A81E-C8E1DDE634F6}
		{D699A8C8-4493-4AF4-9114-AA182FECEC0E} = {77EAC05D-F9D0-4F71-A81E-C8E1DDE634F6}
		{878DFE15-490B-48AE-AA0E-742774F138AB} = {77EAC05D-F9D0-4F71-A81E-C8E1DDE634F6}
		{AEB759BE-1858-4403-8095-C90688F71A55} = {8F69C04A-08F8-42A5-9F4A-50F612FE3357}
		{BDBE4848-8A3F-4BFD-9DB4-A53C4A9173E7} = {8F69C04A-08F8-42A5-9F4A-50F612FE3357}
	EndGlobalSection
EndGlobal
