
Microsoft Visual Studio Solution File, Format Version 12.00
# Visual Studio 14
VisualStudioVersion = 14.0.25123.0
MinimumVisualStudioVersion = 10.0.40219.1
Project("{8BC9CEB8-8B4A-11D0-8D11-00A0C91BC942}") = "LDLL173__RLOOP__LCCM653", "PROJECT_CODE\DLLS\LDLL173__RLOOP__LCCM653\LDLL173__RLOOP__LCCM653.vcxproj", "{58FDB1EB-504C-48AF-BC66-8B3E4CE6928A}"
EndProject
Project("{2150E333-8FDC-42A3-9474-1A3956D46DE8}") = "DLLS", "DLLS", "{77EAC05D-F9D0-4F71-A81E-C8E1DDE634F6}"
EndProject
Project("{8BC9CEB8-8B4A-11D0-8D11-00A0C91BC942}") = "LDLL174__RLOOP__LCCM655", "PROJECT_CODE\DLLS\LDLL174__RLOOP__LCCM655\LDLL174__RLOOP__LCCM655.vcxproj", "{BFEA03EC-D582-4A17-9360-F16B0C16EE78}"
EndProject
Project("{F184B08F-C81C-45F6-A57F-5ABD9991F28F}") = "LAPP184__RLOOP__PWRNODE_EMU", "LAPP184__RLOOP__PWRNODE_EMU\LAPP184__RLOOP__PWRNODE_EMU.vbproj", "{32471D11-A275-494C-B740-40179F755438}"
EndProject
Project("{8BC9CEB8-8B4A-11D0-8D11-00A0C91BC942}") = "LDLL175__RLOOP__LCCM656", "PROJECT_CODE\DLLS\LDLL175__RLOOP__LCCM656\LDLL175__RLOOP__LCCM656.vcxproj", "{D087679A-0064-4E58-8538-E629462CE7FA}"
EndProject
Global
	GlobalSection(SolutionConfigurationPlatforms) = preSolution
		Debug|Any CPU = Debug|Any CPU
		Debug|x86 = Debug|x86
		Release|Any CPU = Release|Any CPU
		Release|x86 = Release|x86
	EndGlobalSection
	GlobalSection(ProjectConfigurationPlatforms) = postSolution
		{58FDB1EB-504C-48AF-BC66-8B3E4CE6928A}.Debug|Any CPU.ActiveCfg = Debug|Win32
		{58FDB1EB-504C-48AF-BC66-8B3E4CE6928A}.Debug|x86.ActiveCfg = Debug|Win32
		{58FDB1EB-504C-48AF-BC66-8B3E4CE6928A}.Debug|x86.Build.0 = Debug|Win32
		{58FDB1EB-504C-48AF-BC66-8B3E4CE6928A}.Release|Any CPU.ActiveCfg = Release|Win32
		{58FDB1EB-504C-48AF-BC66-8B3E4CE6928A}.Release|x86.ActiveCfg = Release|Win32
		{58FDB1EB-504C-48AF-BC66-8B3E4CE6928A}.Release|x86.Build.0 = Release|Win32
		{BFEA03EC-D582-4A17-9360-F16B0C16EE78}.Debug|Any CPU.ActiveCfg = Debug|Win32
		{BFEA03EC-D582-4A17-9360-F16B0C16EE78}.Debug|x86.ActiveCfg = Debug|Win32
		{BFEA03EC-D582-4A17-9360-F16B0C16EE78}.Debug|x86.Build.0 = Debug|Win32
		{BFEA03EC-D582-4A17-9360-F16B0C16EE78}.Release|Any CPU.ActiveCfg = Release|Win32
		{BFEA03EC-D582-4A17-9360-F16B0C16EE78}.Release|x86.ActiveCfg = Release|Win32
		{BFEA03EC-D582-4A17-9360-F16B0C16EE78}.Release|x86.Build.0 = Release|Win32
		{32471D11-A275-494C-B740-40179F755438}.Debug|Any CPU.ActiveCfg = Debug|Any CPU
		{32471D11-A275-494C-B740-40179F755438}.Debug|Any CPU.Build.0 = Debug|Any CPU
		{32471D11-A275-494C-B740-40179F755438}.Debug|x86.ActiveCfg = Debug|Any CPU
		{32471D11-A275-494C-B740-40179F755438}.Debug|x86.Build.0 = Debug|Any CPU
		{32471D11-A275-494C-B740-40179F755438}.Release|Any CPU.ActiveCfg = Release|Any CPU
		{32471D11-A275-494C-B740-40179F755438}.Release|Any CPU.Build.0 = Release|Any CPU
		{32471D11-A275-494C-B740-40179F755438}.Release|x86.ActiveCfg = Release|Any CPU
		{32471D11-A275-494C-B740-40179F755438}.Release|x86.Build.0 = Release|Any CPU
		{D087679A-0064-4E58-8538-E629462CE7FA}.Debug|Any CPU.ActiveCfg = Debug|Win32
		{D087679A-0064-4E58-8538-E629462CE7FA}.Debug|x86.ActiveCfg = Debug|Win32
		{D087679A-0064-4E58-8538-E629462CE7FA}.Debug|x86.Build.0 = Debug|Win32
		{D087679A-0064-4E58-8538-E629462CE7FA}.Release|Any CPU.ActiveCfg = Release|Win32
		{D087679A-0064-4E58-8538-E629462CE7FA}.Release|x86.ActiveCfg = Release|Win32
		{D087679A-0064-4E58-8538-E629462CE7FA}.Release|x86.Build.0 = Release|Win32
	EndGlobalSection
	GlobalSection(SolutionProperties) = preSolution
		HideSolutionNode = FALSE
	EndGlobalSection
	GlobalSection(NestedProjects) = preSolution
		{58FDB1EB-504C-48AF-BC66-8B3E4CE6928A} = {77EAC05D-F9D0-4F71-A81E-C8E1DDE634F6}
		{BFEA03EC-D582-4A17-9360-F16B0C16EE78} = {77EAC05D-F9D0-4F71-A81E-C8E1DDE634F6}
		{D087679A-0064-4E58-8538-E629462CE7FA} = {77EAC05D-F9D0-4F71-A81E-C8E1DDE634F6}
	EndGlobalSection
EndGlobal
