<?xml version="1.0" encoding="utf-8"?>
<Project ToolsVersion="4.0" xmlns="http://schemas.microsoft.com/developer/msbuild/2003">
  <ItemGroup>
    <Filter Include="Source Files">
      <UniqueIdentifier>{4FC737F1-C7A5-4376-A066-2A32D752A2FF}</UniqueIdentifier>
      <Extensions>cpp;c;cc;cxx;def;odl;idl;hpj;bat;asm;asmx</Extensions>
    </Filter>
    <Filter Include="Header Files">
      <UniqueIdentifier>{93995380-89BD-4b04-88EB-625FBE52EBFB}</UniqueIdentifier>
      <Extensions>h;hpp;hxx;hm;inl;inc;xsd</Extensions>
    </Filter>
    <Filter Include="Resource Files">
      <UniqueIdentifier>{67DA6AB6-F800-4c08-8B7A-83BB121AAD01}</UniqueIdentifier>
      <Extensions>rc;ico;cur;bmp;dlg;rc2;rct;bin;rgs;gif;jpg;jpeg;jpe;resx;tiff;tif;png;wav;mfcribbon-ms</Extensions>
    </Filter>
    <Filter Include="Source Files\MULTICORE">
      <UniqueIdentifier>{d8c58b0b-74d9-4e06-b8d9-edf6e5ec80f5}</UniqueIdentifier>
    </Filter>
    <Filter Include="Source Files\WIN32">
      <UniqueIdentifier>{f317ff19-95a5-48d7-8bae-537bfb6a701c}</UniqueIdentifier>
    </Filter>
    <Filter Include="Source Files\WIN32\DEBUG_PRINTF">
      <UniqueIdentifier>{70d4ba12-3067-4f39-87a5-770373bae769}</UniqueIdentifier>
    </Filter>
    <Filter Include="Source Files\MULTICORE\LCCM662__MULTICORE__DAQ">
      <UniqueIdentifier>{b25e9b67-b28b-47f5-85d1-3e83de3988b5}</UniqueIdentifier>
    </Filter>
    <Filter Include="Source Files\MULTICORE\LCCM662__MULTICORE__DAQ\APEND">
      <UniqueIdentifier>{a4d0f052-1160-4326-b6b6-acbb5d7f39ac}</UniqueIdentifier>
    </Filter>
    <Filter Include="Source Files\MULTICORE\LCCM662__MULTICORE__DAQ\WIN32">
      <UniqueIdentifier>{31598a4c-185d-483c-88fb-b651a2fbc534}</UniqueIdentifier>
    </Filter>
    <Filter Include="LIB">
      <UniqueIdentifier>{d862e578-40e4-4cd0-ab50-e70dddde0ea0}</UniqueIdentifier>
    </Filter>
    <Filter Include="Source Files\MULTICORE\LCCM662__MULTICORE__DAQ\DAQ">
      <UniqueIdentifier>{f7e4f38f-2728-4cde-b815-7116aa918cfa}</UniqueIdentifier>
    </Filter>
  </ItemGroup>
  <ItemGroup>
    <ClCompile Include="..\..\..\..\FIRMWARE\COMMON_CODE\WIN32\DEBUG_PRINTF\debug_printf.c">
      <Filter>Source Files\WIN32\DEBUG_PRINTF</Filter>
    </ClCompile>
    <ClCompile Include="..\..\..\..\FIRMWARE\COMMON_CODE\MULTICORE\LCCM662__MULTICORE__DAQ\daq.c">
      <Filter>Source Files\MULTICORE\LCCM662__MULTICORE__DAQ</Filter>
    </ClCompile>
    <ClCompile Include="..\..\..\..\FIRMWARE\COMMON_CODE\MULTICORE\LCCM662__MULTICORE__DAQ\APPEND\daq__append.c">
      <Filter>Source Files\MULTICORE\LCCM662__MULTICORE__DAQ\APEND</Filter>
    </ClCompile>
    <ClCompile Include="..\..\..\..\FIRMWARE\COMMON_CODE\MULTICORE\LCCM662__MULTICORE__DAQ\WIN32\daq__win32.c">
      <Filter>Source Files\MULTICORE\LCCM662__MULTICORE__DAQ\WIN32</Filter>
    </ClCompile>
    <ClCompile Include="..\..\..\..\FIRMWARE\COMMON_CODE\MULTICORE\LCCM662__MULTICORE__DAQ\WIN32\daq__win32_main.c">
      <Filter>Source Files\MULTICORE\LCCM662__MULTICORE__DAQ\WIN32</Filter>
    </ClCompile>
    <ClCompile Include="..\..\..\..\FIRMWARE\PROJECT_CODE\LCCM720__RLOOP__AUXPROP\DAQ\auxprop__daq__transmit_template.c">
      <Filter>Source Files\MULTICORE\LCCM662__MULTICORE__DAQ\DAQ</Filter>
    </ClCompile>
  </ItemGroup>
  <ItemGroup>
    <ClInclude Include="localdef.h">
      <Filter>Header Files</Filter>
    </ClInclude>
    <ClInclude Include="..\..\..\..\FIRMWARE\COMMON_CODE\WIN32\DEBUG_PRINTF\debug_printf.h">
      <Filter>Source Files\WIN32\DEBUG_PRINTF</Filter>
    </ClInclude>
    <ClInclude Include="resource.h">
      <Filter>Header Files</Filter>
    </ClInclude>
    <ClInclude Include="..\..\..\..\FIRMWARE\COMMON_CODE\MULTICORE\LCCM662__MULTICORE__DAQ\daq__localdef.h">
      <Filter>Source Files\MULTICORE\LCCM662__MULTICORE__DAQ</Filter>
    </ClInclude>
    <ClInclude Include="..\..\..\..\FIRMWARE\COMMON_CODE\MULTICORE\LCCM662__MULTICORE__DAQ\daq.h">
      <Filter>Source Files\MULTICORE\LCCM662__MULTICORE__DAQ</Filter>
    </ClInclude>
  </ItemGroup>
  <ItemGroup>
    <Library Include="LIB\LDLL183__RLOOP__LCCM719_SIL3.lib">
      <Filter>LIB</Filter>
    </Library>
  </ItemGroup>
</Project>