
Microsoft Visual Studio Solution File, Format Version 12.00
# Visual Studio 15
VisualStudioVersion = 15.0.26430.12
MinimumVisualStudioVersion = 10.0.40219.1
Project("{F184B08F-C81C-45F6-A57F-5ABD9991F28F}") = "LAPP188__RLOOP__RPOD_CONTROL", "LAPP188__RLOOP__RPOD_CONTROL.vbproj", "{8E5C312D-1F81-4874-8923-540C8BB076BB}"
EndProject
Global
	GlobalSection(SolutionConfigurationPlatforms) = preSolution
		Debug|Any CPU = Debug|Any CPU
		Release|Any CPU = Release|Any CPU
	EndGlobalSection
	GlobalSection(ProjectConfigurationPlatforms) = postSolution
		{8E5C312D-1F81-4874-8923-540C8BB076BB}.Debug|Any CPU.ActiveCfg = Debug|Any CPU
		{8E5C312D-1F81-4874-8923-540C8BB076BB}.Debug|Any CPU.Build.0 = Debug|Any CPU
		{8E5C312D-1F81-4874-8923-540C8BB076BB}.Release|Any CPU.ActiveCfg = Release|Any CPU
		{8E5C312D-1F81-4874-8923-540C8BB076BB}.Release|Any CPU.Build.0 = Release|Any CPU
	EndGlobalSection
	GlobalSection(SolutionProperties) = preSolution
		HideSolutionNode = FALSE
	EndGlobalSection
EndGlobal
