<?xml version="1.0" encoding="utf-8"?>
<Project ToolsVersion="4.0" xmlns="http://schemas.microsoft.com/developer/msbuild/2003">
  <ItemGroup>
    <Filter Include="Source Files">
      <UniqueIdentifier>{4FC737F1-C7A5-4376-A066-2A32D752A2FF}</UniqueIdentifier>
      <Extensions>cpp;c;cc;cxx;def;odl;idl;hpj;bat;asm;asmx</Extensions>
    </Filter>
    <Filter Include="Header Files">
      <UniqueIdentifier>{93995380-89BD-4b04-88EB-625FBE52EBFB}</UniqueIdentifier>
      <Extensions>h;hpp;hxx;hm;inl;inc;xsd</Extensions>
    </Filter>
    <Filter Include="Resource Files">
      <UniqueIdentifier>{67DA6AB6-F800-4c08-8B7A-83BB121AAD01}</UniqueIdentifier>
      <Extensions>rc;ico;cur;bmp;dlg;rc2;rct;bin;rgs;gif;jpg;jpeg;jpe;resx;tiff;tif;png;wav;mfcribbon-ms</Extensions>
    </Filter>
    <Filter Include="Source Files\MULTICORE">
      <UniqueIdentifier>{d8c58b0b-74d9-4e06-b8d9-edf6e5ec80f5}</UniqueIdentifier>
    </Filter>
    <Filter Include="Source Files\WIN32">
      <UniqueIdentifier>{d7657e7f-f6a2-40af-9bf9-24d99ac03506}</UniqueIdentifier>
    </Filter>
    <Filter Include="Source Files\WIN32\DEBUG_PRINTF">
      <UniqueIdentifier>{70d4ba12-3067-4f39-87a5-770373bae769}</UniqueIdentifier>
    </Filter>
    <Filter Include="LCCM653__RLOOP__POWER_CORE">
      <UniqueIdentifier>{15cdce45-9912-47bb-b0ea-784bf553e144}</UniqueIdentifier>
    </Filter>
    <Filter Include="LCCM653__RLOOP__POWER_CORE\BATTERY_TEMP">
      <UniqueIdentifier>{6400d2b3-f8f5-49d4-aa4a-ebe9dfcffee8}</UniqueIdentifier>
    </Filter>
    <Filter Include="LCCM653__RLOOP__POWER_CORE\BMS">
      <UniqueIdentifier>{c97cb7f9-8257-498e-ad57-6f33bd86c373}</UniqueIdentifier>
    </Filter>
    <Filter Include="LCCM653__RLOOP__POWER_CORE\CAN_NETWORK">
      <UniqueIdentifier>{29e16f54-6174-433a-ae64-20de099d0621}</UniqueIdentifier>
    </Filter>
    <Filter Include="LCCM653__RLOOP__POWER_CORE\NODE_PRESSURE">
      <UniqueIdentifier>{b7d7f576-66af-42d1-a1b9-6a1eea853ee1}</UniqueIdentifier>
    </Filter>
    <Filter Include="LCCM653__RLOOP__POWER_CORE\NODE_TEMP">
      <UniqueIdentifier>{a97c243e-227d-430f-8094-db1794723a49}</UniqueIdentifier>
    </Filter>
    <Filter Include="LCCM653__RLOOP__POWER_CORE\STATE_MACHINE">
      <UniqueIdentifier>{8d79ec31-47d8-4a9a-82d7-4d586f7f03d0}</UniqueIdentifier>
    </Filter>
    <Filter Include="LCCM653__RLOOP__POWER_CORE\WIN32">
      <UniqueIdentifier>{8e96c28f-7583-4d8f-b311-dfdde56ed374}</UniqueIdentifier>
    </Filter>
    <Filter Include="LCCM653__RLOOP__POWER_CORE\FAULTS">
      <UniqueIdentifier>{a9c09105-41b1-4b7e-96f9-74a462d7bff9}</UniqueIdentifier>
    </Filter>
    <Filter Include="LCCM653__RLOOP__POWER_CORE\CHARGER">
      <UniqueIdentifier>{3a71552f-e5a4-42d4-be28-68230de6f557}</UniqueIdentifier>
    </Filter>
    <Filter Include="LCCM653__RLOOP__POWER_CORE\DC_CONVERTER">
      <UniqueIdentifier>{a225d6e0-0a58-4491-a2a3-2b568d922177}</UniqueIdentifier>
    </Filter>
    <Filter Include="LCCM653__RLOOP__POWER_CORE\NETWORKING">
      <UniqueIdentifier>{340ac553-6af6-4b18-bbd5-76c4abafcb81}</UniqueIdentifier>
    </Filter>
    <Filter Include="LCCM653__RLOOP__POWER_CORE\REPRESS">
      <UniqueIdentifier>{63704cf5-bd42-45af-8d93-1d4f1379ac6d}</UniqueIdentifier>
    </Filter>
    <Filter Include="Source Files\MULTICORE\LCCM715__MULTICORE__BQ76PL536A">
      <UniqueIdentifier>{5009c466-34cd-4fa1-a245-73ba0efa2552}</UniqueIdentifier>
    </Filter>
    <Filter Include="Source Files\MULTICORE\LCCM715__MULTICORE__BQ76PL536A\WIN32">
      <UniqueIdentifier>{9610be46-828c-4e0f-a44a-cca517002cee}</UniqueIdentifier>
    </Filter>
    <Filter Include="Source Files\MULTICORE\LCCM715__MULTICORE__BQ76PL536A\CELLS">
      <UniqueIdentifier>{8c70acc8-2440-4a16-8ec9-f03c0c8324a1}</UniqueIdentifier>
    </Filter>
    <Filter Include="Source Files\MULTICORE\LCCM715__MULTICORE__BQ76PL536A\BATTERY">
      <UniqueIdentifier>{15535324-7143-4ea2-82b2-90870e453833}</UniqueIdentifier>
    </Filter>
    <Filter Include="Source Files\MULTICORE\LCCM715__MULTICORE__BQ76PL536A\BALANCE">
      <UniqueIdentifier>{9d869ee2-7ad7-4b83-ad09-49dba1ad77b4}</UniqueIdentifier>
    </Filter>
    <Filter Include="Source Files\MULTICORE\LCCM715__MULTICORE__BQ76PL536A\SPI">
      <UniqueIdentifier>{935b6448-8b1d-4c88-8981-e49c5277bb65}</UniqueIdentifier>
    </Filter>
    <Filter Include="Source Files\MULTICORE\LCCM715__MULTICORE__BQ76PL536A\INTERRUPTS">
      <UniqueIdentifier>{79a45713-bebc-4789-be2c-1efd7adf0d47}</UniqueIdentifier>
    </Filter>
    <Filter Include="Source Files\MULTICORE\LCCM644__MULTICORE__DS18B20">
      <UniqueIdentifier>{20fbae99-08fb-4351-b372-959325b71dbc}</UniqueIdentifier>
    </Filter>
    <Filter Include="Source Files\MULTICORE\LCCM644__MULTICORE__DS18B20\ADDRESS">
      <UniqueIdentifier>{623ce585-fef9-4e08-af00-63ea1a270525}</UniqueIdentifier>
    </Filter>
    <Filter Include="Source Files\MULTICORE\LCCM644__MULTICORE__DS18B20\ALARMS">
      <UniqueIdentifier>{c12d28dd-0d90-491a-b75e-01982d8ad457}</UniqueIdentifier>
    </Filter>
    <Filter Include="Source Files\MULTICORE\LCCM644__MULTICORE__DS18B20\DELAYS">
      <UniqueIdentifier>{867e1480-1ab0-4175-86dc-ab201798db79}</UniqueIdentifier>
    </Filter>
    <Filter Include="Source Files\MULTICORE\LCCM644__MULTICORE__DS18B20\SCRATCHPAD">
      <UniqueIdentifier>{65b29aee-5866-46bf-a3a4-571ad0c53d16}</UniqueIdentifier>
    </Filter>
    <Filter Include="Source Files\MULTICORE\LCCM644__MULTICORE__DS18B20\TEMPERATURE">
      <UniqueIdentifier>{18591074-1035-43cd-8631-f2a6b801921b}</UniqueIdentifier>
    </Filter>
    <Filter Include="Source Files\MULTICORE\LCCM644__MULTICORE__DS18B20\WIRE_IF">
      <UniqueIdentifier>{ad3ca157-9af1-4b1d-981d-ea5c6e39e6f3}</UniqueIdentifier>
    </Filter>
    <Filter Include="Source Files\MULTICORE\LCCM648__MULTICORE__MS5607">
      <UniqueIdentifier>{c09388eb-e72f-4116-93f7-e101e03f3685}</UniqueIdentifier>
    </Filter>
    <Filter Include="Source Files\MULTICORE\LCCM648__MULTICORE__MS5607\I2C">
      <UniqueIdentifier>{139519c2-aed7-439a-9972-d32d383448d7}</UniqueIdentifier>
    </Filter>
    <Filter Include="Source Files\MULTICORE\LCCM647__MULTICORE__TSYS01">
      <UniqueIdentifier>{4389108a-fca7-4d08-9c89-0b0a82273e24}</UniqueIdentifier>
    </Filter>
    <Filter Include="Source Files\MULTICORE\LCCM647__MULTICORE__TSYS01\I2C">
      <UniqueIdentifier>{37f89bd9-4dc3-4a80-beb3-c556e09b6563}</UniqueIdentifier>
    </Filter>
    <Filter Include="Source Files\MULTICORE\LCCM641__MULTICORE__DS2482S">
      <UniqueIdentifier>{5f27a078-b1a0-446c-b2cd-2b2a1ab30afb}</UniqueIdentifier>
    </Filter>
    <Filter Include="Source Files\MULTICORE\LCCM641__MULTICORE__DS2482S\CRC">
      <UniqueIdentifier>{4193c668-41e6-48d1-a7aa-82ad3c4ecb6c}</UniqueIdentifier>
    </Filter>
    <Filter Include="Source Files\MULTICORE\LCCM641__MULTICORE__DS2482S\DEVICE">
      <UniqueIdentifier>{058f55e7-11d1-48d7-8517-9c42d8821bb3}</UniqueIdentifier>
    </Filter>
    <Filter Include="Source Files\MULTICORE\LCCM641__MULTICORE__DS2482S\LOWLEVEL">
      <UniqueIdentifier>{ebbc01ab-081c-40cf-8cfb-0e865af4c5a2}</UniqueIdentifier>
    </Filter>
    <Filter Include="Source Files\MULTICORE\LCCM641__MULTICORE__DS2482S\ONE_WIRE">
      <UniqueIdentifier>{4fbcf2fe-4f1c-4292-8c78-118b97189915}</UniqueIdentifier>
    </Filter>
    <Filter Include="Source Files\MULTICORE\LCCM641__MULTICORE__DS2482S\SEARCH">
      <UniqueIdentifier>{9dea07a3-d611-4953-bb90-f722914c95e0}</UniqueIdentifier>
    </Filter>
    <Filter Include="Source Files\MULTICORE\LCCM715__MULTICORE__BQ76PL536A\RESISTOR">
      <UniqueIdentifier>{727a3427-a142-42f4-b50c-dcddbf93b32e}</UniqueIdentifier>
    </Filter>
  </ItemGroup>
  <ItemGroup>
    <ClCompile Include="..\..\..\..\FIRMWARE\COMMON_CODE\WIN32\DEBUG_PRINTF\debug_printf.c">
      <Filter>Source Files\WIN32\DEBUG_PRINTF</Filter>
    </ClCompile>
    <ClCompile Include="..\..\..\..\FIRMWARE\PROJECT_CODE\LCCM653__RLOOP__POWER_CORE\power_core.c">
      <Filter>LCCM653__RLOOP__POWER_CORE</Filter>
    </ClCompile>
    <ClCompile Include="..\..\..\..\FIRMWARE\PROJECT_CODE\LCCM653__RLOOP__POWER_CORE\BATTERY_TEMP\power_core__battery_temp.c">
      <Filter>LCCM653__RLOOP__POWER_CORE\BATTERY_TEMP</Filter>
    </ClCompile>
    <ClCompile Include="..\..\..\..\FIRMWARE\PROJECT_CODE\LCCM653__RLOOP__POWER_CORE\BMS\power_core__bms.c">
      <Filter>LCCM653__RLOOP__POWER_CORE\BMS</Filter>
    </ClCompile>
    <ClCompile Include="..\..\..\..\FIRMWARE\PROJECT_CODE\LCCM653__RLOOP__POWER_CORE\CAN_NETWORK\power_core__can_network.c">
      <Filter>LCCM653__RLOOP__POWER_CORE\CAN_NETWORK</Filter>
    </ClCompile>
    <ClCompile Include="..\..\..\..\FIRMWARE\PROJECT_CODE\LCCM653__RLOOP__POWER_CORE\WIN32\power_core__win32.c">
      <Filter>LCCM653__RLOOP__POWER_CORE\WIN32</Filter>
    </ClCompile>
    <ClCompile Include="..\..\..\..\FIRMWARE\PROJECT_CODE\LCCM653__RLOOP__POWER_CORE\STATE_MACHINE\power_core__state_machine.c">
      <Filter>LCCM653__RLOOP__POWER_CORE\STATE_MACHINE</Filter>
    </ClCompile>
    <ClCompile Include="..\..\..\..\FIRMWARE\PROJECT_CODE\LCCM653__RLOOP__POWER_CORE\NODE_TEMP\power_core__node_temp.c">
      <Filter>LCCM653__RLOOP__POWER_CORE\NODE_TEMP</Filter>
    </ClCompile>
    <ClCompile Include="..\..\..\..\FIRMWARE\PROJECT_CODE\LCCM653__RLOOP__POWER_CORE\NODE_PRESSURE\power_core__node_pressure.c">
      <Filter>LCCM653__RLOOP__POWER_CORE\NODE_PRESSURE</Filter>
    </ClCompile>
    <ClCompile Include="..\..\..\..\FIRMWARE\PROJECT_CODE\LCCM653__RLOOP__POWER_CORE\FAULTS\power_core__faults.c">
      <Filter>LCCM653__RLOOP__POWER_CORE\FAULTS</Filter>
    </ClCompile>
    <ClCompile Include="..\..\..\..\FIRMWARE\PROJECT_CODE\LCCM653__RLOOP__POWER_CORE\CHARGER\power_core__charger.c">
      <Filter>LCCM653__RLOOP__POWER_CORE\CHARGER</Filter>
    </ClCompile>
    <ClCompile Include="..\..\..\..\FIRMWARE\PROJECT_CODE\LCCM653__RLOOP__POWER_CORE\CHARGER\power_core__charger_ethernet.c">
      <Filter>LCCM653__RLOOP__POWER_CORE\CHARGER</Filter>
    </ClCompile>
    <ClCompile Include="..\..\..\..\FIRMWARE\PROJECT_CODE\LCCM653__RLOOP__POWER_CORE\CHARGER\IV_MEASURE\power__iv_measure.c">
      <Filter>LCCM653__RLOOP__POWER_CORE\CHARGER</Filter>
    </ClCompile>
    <ClCompile Include="..\..\..\..\FIRMWARE\PROJECT_CODE\LCCM653__RLOOP__POWER_CORE\CHARGER\RELAY\power_core__charge_relay.c">
      <Filter>LCCM653__RLOOP__POWER_CORE\CHARGER</Filter>
    </ClCompile>
    <ClCompile Include="..\..\..\..\FIRMWARE\PROJECT_CODE\LCCM653__RLOOP__POWER_CORE\DC_CONVERTER\power_core__dc_converter.c">
      <Filter>LCCM653__RLOOP__POWER_CORE\DC_CONVERTER</Filter>
    </ClCompile>
    <ClCompile Include="..\..\..\..\FIRMWARE\PROJECT_CODE\LCCM653__RLOOP__POWER_CORE\NETWORKING\power_core__net.c">
      <Filter>LCCM653__RLOOP__POWER_CORE\NETWORKING</Filter>
    </ClCompile>
    <ClCompile Include="..\..\..\..\FIRMWARE\PROJECT_CODE\LCCM653__RLOOP__POWER_CORE\NETWORKING\power_core__net__rx.c">
      <Filter>LCCM653__RLOOP__POWER_CORE\NETWORKING</Filter>
    </ClCompile>
    <ClCompile Include="..\..\..\..\FIRMWARE\PROJECT_CODE\LCCM653__RLOOP__POWER_CORE\NETWORKING\power_core__net__tx.c">
      <Filter>LCCM653__RLOOP__POWER_CORE\NETWORKING</Filter>
    </ClCompile>
    <ClCompile Include="..\..\..\..\FIRMWARE\PROJECT_CODE\LCCM653__RLOOP__POWER_CORE\REPRESS\pwr__repress.c">
      <Filter>LCCM653__RLOOP__POWER_CORE\REPRESS</Filter>
    </ClCompile>
    <ClCompile Include="..\..\..\..\FIRMWARE\PROJECT_CODE\LCCM653__RLOOP__POWER_CORE\BMS\power_core__bms__ethernet.c">
      <Filter>LCCM653__RLOOP__POWER_CORE\BMS</Filter>
    </ClCompile>
    <ClCompile Include="..\..\..\..\FIRMWARE\COMMON_CODE\MULTICORE\LCCM715__MULTICORE__BQ76PL536A\bq76.c">
      <Filter>Source Files\MULTICORE\LCCM715__MULTICORE__BQ76PL536A</Filter>
    </ClCompile>
    <ClCompile Include="..\..\..\..\FIRMWARE\COMMON_CODE\MULTICORE\LCCM715__MULTICORE__BQ76PL536A\WIN32\bq76__win32.c">
      <Filter>Source Files\MULTICORE\LCCM715__MULTICORE__BQ76PL536A\WIN32</Filter>
    </ClCompile>
    <ClCompile Include="..\..\..\..\FIRMWARE\COMMON_CODE\MULTICORE\LCCM715__MULTICORE__BQ76PL536A\BATTERY\bq76__battery.c">
      <Filter>Source Files\MULTICORE\LCCM715__MULTICORE__BQ76PL536A\BATTERY</Filter>
    </ClCompile>
    <ClCompile Include="..\..\..\..\FIRMWARE\COMMON_CODE\MULTICORE\LCCM715__MULTICORE__BQ76PL536A\BALANCE\bq76__balance.c">
      <Filter>Source Files\MULTICORE\LCCM715__MULTICORE__BQ76PL536A\BALANCE</Filter>
    </ClCompile>
    <ClCompile Include="..\..\..\..\FIRMWARE\COMMON_CODE\MULTICORE\LCCM715__MULTICORE__BQ76PL536A\SPI\bq76__spi.c">
      <Filter>Source Files\MULTICORE\LCCM715__MULTICORE__BQ76PL536A\SPI</Filter>
    </ClCompile>
    <ClCompile Include="..\..\..\..\FIRMWARE\COMMON_CODE\MULTICORE\LCCM715__MULTICORE__BQ76PL536A\INTERRUPTS\bq76__interrupts.c">
      <Filter>Source Files\MULTICORE\LCCM715__MULTICORE__BQ76PL536A\INTERRUPTS</Filter>
    </ClCompile>
    <ClCompile Include="..\..\..\..\FIRMWARE\COMMON_CODE\MULTICORE\LCCM715__MULTICORE__BQ76PL536A\CELLS\bq76__cells.c">
      <Filter>Source Files\MULTICORE\LCCM715__MULTICORE__BQ76PL536A\CELLS</Filter>
    </ClCompile>
    <ClCompile Include="..\..\..\..\FIRMWARE\COMMON_CODE\MULTICORE\LCCM644__MULTICORE__DS18B20\ds18b20.c">
      <Filter>Source Files\MULTICORE\LCCM644__MULTICORE__DS18B20</Filter>
    </ClCompile>
    <ClCompile Include="..\..\..\..\FIRMWARE\COMMON_CODE\MULTICORE\LCCM644__MULTICORE__DS18B20\ADDRESS\ds18b20__address.c">
      <Filter>Source Files\MULTICORE\LCCM644__MULTICORE__DS18B20\ADDRESS</Filter>
    </ClCompile>
    <ClCompile Include="..\..\..\..\FIRMWARE\COMMON_CODE\MULTICORE\LCCM644__MULTICORE__DS18B20\ALARMS\ds18b20__alarms.c">
      <Filter>Source Files\MULTICORE\LCCM644__MULTICORE__DS18B20\ALARMS</Filter>
    </ClCompile>
    <ClCompile Include="..\..\..\..\FIRMWARE\COMMON_CODE\MULTICORE\LCCM644__MULTICORE__DS18B20\DELAYS\ds18b20__delays.c">
      <Filter>Source Files\MULTICORE\LCCM644__MULTICORE__DS18B20\DELAYS</Filter>
    </ClCompile>
    <ClCompile Include="..\..\..\..\FIRMWARE\COMMON_CODE\MULTICORE\LCCM644__MULTICORE__DS18B20\WIRE_IF\ds18b20__wire_if.c">
      <Filter>Source Files\MULTICORE\LCCM644__MULTICORE__DS18B20\WIRE_IF</Filter>
    </ClCompile>
    <ClCompile Include="..\..\..\..\FIRMWARE\COMMON_CODE\MULTICORE\LCCM644__MULTICORE__DS18B20\TEMPERATURE\ds18b20__temperature.c">
      <Filter>Source Files\MULTICORE\LCCM644__MULTICORE__DS18B20\TEMPERATURE</Filter>
    </ClCompile>
    <ClCompile Include="..\..\..\..\FIRMWARE\COMMON_CODE\MULTICORE\LCCM644__MULTICORE__DS18B20\SCRATCHPAD\ds18b20__scratchpad.c">
      <Filter>Source Files\MULTICORE\LCCM644__MULTICORE__DS18B20\SCRATCHPAD</Filter>
    </ClCompile>
    <ClCompile Include="..\..\..\..\FIRMWARE\COMMON_CODE\MULTICORE\LCCM648__MULTICORE__MS5607\ms5607.c">
      <Filter>Source Files\MULTICORE\LCCM648__MULTICORE__MS5607</Filter>
    </ClCompile>
    <ClCompile Include="..\..\..\..\FIRMWARE\COMMON_CODE\MULTICORE\LCCM648__MULTICORE__MS5607\I2C\ms5607_i2c.c">
      <Filter>Source Files\MULTICORE\LCCM648__MULTICORE__MS5607\I2C</Filter>
    </ClCompile>
    <ClCompile Include="..\..\..\..\FIRMWARE\COMMON_CODE\MULTICORE\LCCM647__MULTICORE__TSYS01\tsys01.c">
      <Filter>Source Files\MULTICORE\LCCM647__MULTICORE__TSYS01</Filter>
    </ClCompile>
    <ClCompile Include="..\..\..\..\FIRMWARE\COMMON_CODE\MULTICORE\LCCM647__MULTICORE__TSYS01\I2C\tsys01_i2c.c">
      <Filter>Source Files\MULTICORE\LCCM647__MULTICORE__TSYS01\I2C</Filter>
    </ClCompile>
    <ClCompile Include="..\..\..\..\FIRMWARE\COMMON_CODE\MULTICORE\LCCM641__MULTICORE__DS2482S\ds2482s.c">
      <Filter>Source Files\MULTICORE\LCCM641__MULTICORE__DS2482S</Filter>
    </ClCompile>
    <ClCompile Include="..\..\..\..\FIRMWARE\COMMON_CODE\MULTICORE\LCCM641__MULTICORE__DS2482S\CRC\ds2482s__crc.c">
      <Filter>Source Files\MULTICORE\LCCM641__MULTICORE__DS2482S\CRC</Filter>
    </ClCompile>
    <ClCompile Include="..\..\..\..\FIRMWARE\COMMON_CODE\MULTICORE\LCCM641__MULTICORE__DS2482S\DEVICE\ds2482s__device.c">
      <Filter>Source Files\MULTICORE\LCCM641__MULTICORE__DS2482S\DEVICE</Filter>
    </ClCompile>
    <ClCompile Include="..\..\..\..\FIRMWARE\COMMON_CODE\MULTICORE\LCCM641__MULTICORE__DS2482S\LOWLEVEL\ds2482s__lowlevel.c">
      <Filter>Source Files\MULTICORE\LCCM641__MULTICORE__DS2482S\LOWLEVEL</Filter>
    </ClCompile>
    <ClCompile Include="..\..\..\..\FIRMWARE\COMMON_CODE\MULTICORE\LCCM641__MULTICORE__DS2482S\SEARCH\ds2482s__search.c">
      <Filter>Source Files\MULTICORE\LCCM641__MULTICORE__DS2482S\SEARCH</Filter>
    </ClCompile>
    <ClCompile Include="..\..\..\..\FIRMWARE\COMMON_CODE\MULTICORE\LCCM641__MULTICORE__DS2482S\ONE_WIRE\ds2482s__one_wire.c">
      <Filter>Source Files\MULTICORE\LCCM641__MULTICORE__DS2482S\ONE_WIRE</Filter>
    </ClCompile>
    <ClCompile Include="..\..\..\..\FIRMWARE\COMMON_CODE\MULTICORE\LCCM715__MULTICORE__BQ76PL536A\RESISTOR\bq76__resistor.c">
      <Filter>Source Files\MULTICORE\LCCM715__MULTICORE__BQ76PL536A\RESISTOR</Filter>
    </ClCompile>
  </ItemGroup>
  <ItemGroup>
    <ClInclude Include="localdef.h">
      <Filter>Header Files</Filter>
    </ClInclude>
    <ClInclude Include="..\..\..\..\FIRMWARE\COMMON_CODE\WIN32\DEBUG_PRINTF\debug_printf.h">
      <Filter>Source Files\WIN32\DEBUG_PRINTF</Filter>
    </ClInclude>
    <ClInclude Include="resource.h">
      <Filter>Header Files</Filter>
    </ClInclude>
    <ClInclude Include="..\..\..\..\FIRMWARE\PROJECT_CODE\LCCM653__RLOOP__POWER_CORE\power_core.h">
      <Filter>LCCM653__RLOOP__POWER_CORE</Filter>
    </ClInclude>
    <ClInclude Include="..\..\..\..\FIRMWARE\PROJECT_CODE\LCCM653__RLOOP__POWER_CORE\power_core__localdef.h">
      <Filter>LCCM653__RLOOP__POWER_CORE</Filter>
    </ClInclude>
    <ClInclude Include="..\..\..\..\FIRMWARE\PROJECT_CODE\LCCM653__RLOOP__POWER_CORE\CHARGER\IV_MEASURE\power__iv_measure__fault_flags.h">
      <Filter>LCCM653__RLOOP__POWER_CORE\CHARGER</Filter>
    </ClInclude>
    <ClInclude Include="..\..\..\..\FIRMWARE\PROJECT_CODE\LCCM653__RLOOP__POWER_CORE\power_core__defines.h">
      <Filter>LCCM653__RLOOP__POWER_CORE</Filter>
    </ClInclude>
    <ClInclude Include="..\..\..\..\FIRMWARE\PROJECT_CODE\LCCM653__RLOOP__POWER_CORE\power_core__eeprom_index.h">
      <Filter>LCCM653__RLOOP__POWER_CORE</Filter>
    </ClInclude>
    <ClInclude Include="..\..\..\..\FIRMWARE\PROJECT_CODE\LCCM653__RLOOP__POWER_CORE\power_core__enums.h">
      <Filter>LCCM653__RLOOP__POWER_CORE</Filter>
    </ClInclude>
    <ClInclude Include="..\..\..\..\FIRMWARE\PROJECT_CODE\LCCM653__RLOOP__POWER_CORE\power_core__fault_flags.h">
      <Filter>LCCM653__RLOOP__POWER_CORE</Filter>
    </ClInclude>
    <ClInclude Include="..\..\..\..\FIRMWARE\PROJECT_CODE\LCCM653__RLOOP__POWER_CORE\power_core__state_types.h">
      <Filter>LCCM653__RLOOP__POWER_CORE</Filter>
    </ClInclude>
    <ClInclude Include="..\..\..\..\FIRMWARE\COMMON_CODE\MULTICORE\LCCM715__MULTICORE__BQ76PL536A\bq76.h">
      <Filter>Source Files\MULTICORE\LCCM715__MULTICORE__BQ76PL536A</Filter>
    </ClInclude>
    <ClInclude Include="..\..\..\..\FIRMWARE\COMMON_CODE\MULTICORE\LCCM715__MULTICORE__BQ76PL536A\bq76__localdef.h">
      <Filter>Source Files\MULTICORE\LCCM715__MULTICORE__BQ76PL536A</Filter>
    </ClInclude>
    <ClInclude Include="..\..\..\..\FIRMWARE\COMMON_CODE\MULTICORE\LCCM715__MULTICORE__BQ76PL536A\bq76__reg_defs.h">
      <Filter>Source Files\MULTICORE\LCCM715__MULTICORE__BQ76PL536A</Filter>
    </ClInclude>
    <ClInclude Include="..\..\..\..\FIRMWARE\COMMON_CODE\MULTICORE\LCCM644__MULTICORE__DS18B20\ds18b20.h">
      <Filter>Source Files\MULTICORE\LCCM644__MULTICORE__DS18B20</Filter>
    </ClInclude>
    <ClInclude Include="..\..\..\..\FIRMWARE\COMMON_CODE\MULTICORE\LCCM644__MULTICORE__DS18B20\ds18b20__localdef.h">
      <Filter>Source Files\MULTICORE\LCCM644__MULTICORE__DS18B20</Filter>
    </ClInclude>
    <ClInclude Include="..\..\..\..\FIRMWARE\COMMON_CODE\MULTICORE\LCCM644__MULTICORE__DS18B20\ds18b20__state_types.h">
      <Filter>Source Files\MULTICORE\LCCM644__MULTICORE__DS18B20</Filter>
    </ClInclude>
    <ClInclude Include="..\..\..\..\FIRMWARE\COMMON_CODE\MULTICORE\LCCM648__MULTICORE__MS5607\ms5607.h">
      <Filter>Source Files\MULTICORE\LCCM648__MULTICORE__MS5607</Filter>
    </ClInclude>
    <ClInclude Include="..\..\..\..\FIRMWARE\COMMON_CODE\MULTICORE\LCCM648__MULTICORE__MS5607\ms5607__localdef.h">
      <Filter>Source Files\MULTICORE\LCCM648__MULTICORE__MS5607</Filter>
    </ClInclude>
    <ClInclude Include="..\..\..\..\FIRMWARE\COMMON_CODE\MULTICORE\LCCM647__MULTICORE__TSYS01\tsys01.h">
      <Filter>Source Files\MULTICORE\LCCM647__MULTICORE__TSYS01</Filter>
    </ClInclude>
    <ClInclude Include="..\..\..\..\FIRMWARE\COMMON_CODE\MULTICORE\LCCM647__MULTICORE__TSYS01\tsys01__fault_flags.h">
      <Filter>Source Files\MULTICORE\LCCM647__MULTICORE__TSYS01</Filter>
    </ClInclude>
    <ClInclude Include="..\..\..\..\FIRMWARE\COMMON_CODE\MULTICORE\LCCM647__MULTICORE__TSYS01\tsys01__localdef.h">
      <Filter>Source Files\MULTICORE\LCCM647__MULTICORE__TSYS01</Filter>
    </ClInclude>
    <ClInclude Include="..\..\..\..\FIRMWARE\COMMON_CODE\MULTICORE\LCCM641__MULTICORE__DS2482S\ds2482s.h">
      <Filter>Source Files\MULTICORE\LCCM641__MULTICORE__DS2482S</Filter>
    </ClInclude>
    <ClInclude Include="..\..\..\..\FIRMWARE\COMMON_CODE\MULTICORE\LCCM641__MULTICORE__DS2482S\ds2482s__fault_flags.h">
      <Filter>Source Files\MULTICORE\LCCM641__MULTICORE__DS2482S</Filter>
    </ClInclude>
    <ClInclude Include="..\..\..\..\FIRMWARE\COMMON_CODE\MULTICORE\LCCM641__MULTICORE__DS2482S\ds2482s__localdef.h">
      <Filter>Source Files\MULTICORE\LCCM641__MULTICORE__DS2482S</Filter>
    </ClInclude>
    <ClInclude Include="..\..\..\..\FIRMWARE\COMMON_CODE\MULTICORE\LCCM641__MULTICORE__DS2482S\ds2482s__reg_defs.h">
      <Filter>Source Files\MULTICORE\LCCM641__MULTICORE__DS2482S</Filter>
    </ClInclude>
  </ItemGroup>
</Project>