<?xml version="1.0" encoding="utf-8"?>
<Project ToolsVersion="4.0" xmlns="http://schemas.microsoft.com/developer/msbuild/2003">
  <ItemGroup>
    <Filter Include="Source Files">
      <UniqueIdentifier>{4FC737F1-C7A5-4376-A066-2A32D752A2FF}</UniqueIdentifier>
      <Extensions>cpp;c;cc;cxx;def;odl;idl;hpj;bat;asm;asmx</Extensions>
    </Filter>
    <Filter Include="Header Files">
      <UniqueIdentifier>{93995380-89BD-4b04-88EB-625FBE52EBFB}</UniqueIdentifier>
      <Extensions>h;hpp;hxx;hm;inl;inc;xsd</Extensions>
    </Filter>
    <Filter Include="Resource Files">
      <UniqueIdentifier>{67DA6AB6-F800-4c08-8B7A-83BB121AAD01}</UniqueIdentifier>
      <Extensions>rc;ico;cur;bmp;dlg;rc2;rct;bin;rgs;gif;jpg;jpeg;jpe;resx;tiff;tif;png;wav;mfcribbon-ms</Extensions>
    </Filter>
    <Filter Include="Source Files\MULTICORE">
      <UniqueIdentifier>{d8c58b0b-74d9-4e06-b8d9-edf6e5ec80f5}</UniqueIdentifier>
    </Filter>
    <Filter Include="Source Files\WIN32">
      <UniqueIdentifier>{d7657e7f-f6a2-40af-9bf9-24d99ac03506}</UniqueIdentifier>
    </Filter>
    <Filter Include="Source Files\WIN32\DEBUG_PRINTF">
      <UniqueIdentifier>{70d4ba12-3067-4f39-87a5-770373bae769}</UniqueIdentifier>
    </Filter>
    <Filter Include="Source Files\MULTICORE\LCCM012__MULTICORE__SOFTWARE_CRC">
      <UniqueIdentifier>{de699b01-f374-4c48-9b7a-3f071728f97a}</UniqueIdentifier>
    </Filter>
    <Filter Include="Source Files\MULTICORE\LCCM118__MULTICORE__NUMERICAL">
      <UniqueIdentifier>{a8cc3f8a-d864-4abe-b926-b8800c735930}</UniqueIdentifier>
    </Filter>
    <Filter Include="Source Files\MULTICORE\LCCM284__MULTICORE__FAULT_TREE">
      <UniqueIdentifier>{d8e120f9-4be2-45c5-8425-d0fabbcb71b4}</UniqueIdentifier>
    </Filter>
    <Filter Include="LCCM653__RLOOP__POWER_CORE">
      <UniqueIdentifier>{15cdce45-9912-47bb-b0ea-784bf553e144}</UniqueIdentifier>
    </Filter>
    <Filter Include="LCCM653__RLOOP__POWER_CORE\BATTERY_TEMP">
      <UniqueIdentifier>{6400d2b3-f8f5-49d4-aa4a-ebe9dfcffee8}</UniqueIdentifier>
    </Filter>
    <Filter Include="LCCM653__RLOOP__POWER_CORE\BMS">
      <UniqueIdentifier>{c97cb7f9-8257-498e-ad57-6f33bd86c373}</UniqueIdentifier>
    </Filter>
    <Filter Include="LCCM653__RLOOP__POWER_CORE\CAN_NETWORK">
      <UniqueIdentifier>{29e16f54-6174-433a-ae64-20de099d0621}</UniqueIdentifier>
    </Filter>
    <Filter Include="LCCM653__RLOOP__POWER_CORE\NODE_PRESSURE">
      <UniqueIdentifier>{b7d7f576-66af-42d1-a1b9-6a1eea853ee1}</UniqueIdentifier>
    </Filter>
    <Filter Include="LCCM653__RLOOP__POWER_CORE\NODE_TEMP">
      <UniqueIdentifier>{a97c243e-227d-430f-8094-db1794723a49}</UniqueIdentifier>
    </Filter>
    <Filter Include="LCCM653__RLOOP__POWER_CORE\SERIAL_NETWORK">
      <UniqueIdentifier>{a1f85123-33cc-4cbc-b17c-ddc0ec94438d}</UniqueIdentifier>
    </Filter>
    <Filter Include="LCCM653__RLOOP__POWER_CORE\STATE_MACHINE">
      <UniqueIdentifier>{8d79ec31-47d8-4a9a-82d7-4d586f7f03d0}</UniqueIdentifier>
    </Filter>
    <Filter Include="LCCM653__RLOOP__POWER_CORE\WIN32">
      <UniqueIdentifier>{8e96c28f-7583-4d8f-b311-dfdde56ed374}</UniqueIdentifier>
    </Filter>
    <Filter Include="LCCM653__RLOOP__POWER_CORE\FAULTS">
      <UniqueIdentifier>{a9c09105-41b1-4b7e-96f9-74a462d7bff9}</UniqueIdentifier>
    </Filter>
    <Filter Include="LCCM653__RLOOP__POWER_CORE\CHARGER">
      <UniqueIdentifier>{3a71552f-e5a4-42d4-be28-68230de6f557}</UniqueIdentifier>
    </Filter>
    <Filter Include="LCCM653__RLOOP__POWER_CORE\DC_CONVERTER">
      <UniqueIdentifier>{a225d6e0-0a58-4491-a2a3-2b568d922177}</UniqueIdentifier>
    </Filter>
    <Filter Include="LCCM653__RLOOP__POWER_CORE\NETWORKING">
      <UniqueIdentifier>{340ac553-6af6-4b18-bbd5-76c4abafcb81}</UniqueIdentifier>
    </Filter>
    <Filter Include="LCCM653__RLOOP__POWER_CORE\REPRESS">
      <UniqueIdentifier>{63704cf5-bd42-45af-8d93-1d4f1379ac6d}</UniqueIdentifier>
    </Filter>
  </ItemGroup>
  <ItemGroup>
    <ClCompile Include="..\..\..\..\FIRMWARE\COMMON_CODE\WIN32\DEBUG_PRINTF\debug_printf.c">
      <Filter>Source Files\WIN32\DEBUG_PRINTF</Filter>
    </ClCompile>
    <ClCompile Include="..\..\..\..\FIRMWARE\PROJECT_CODE\LCCM653__RLOOP__POWER_CORE\power_core.c">
      <Filter>LCCM653__RLOOP__POWER_CORE</Filter>
    </ClCompile>
    <ClCompile Include="..\..\..\..\FIRMWARE\PROJECT_CODE\LCCM653__RLOOP__POWER_CORE\BATTERY_TEMP\power_core__battery_temp.c">
      <Filter>LCCM653__RLOOP__POWER_CORE\BATTERY_TEMP</Filter>
    </ClCompile>
    <ClCompile Include="..\..\..\..\FIRMWARE\PROJECT_CODE\LCCM653__RLOOP__POWER_CORE\BMS\power_core__bms.c">
      <Filter>LCCM653__RLOOP__POWER_CORE\BMS</Filter>
    </ClCompile>
    <ClCompile Include="..\..\..\..\FIRMWARE\PROJECT_CODE\LCCM653__RLOOP__POWER_CORE\CAN_NETWORK\power_core__can_network.c">
      <Filter>LCCM653__RLOOP__POWER_CORE\CAN_NETWORK</Filter>
    </ClCompile>
    <ClCompile Include="..\..\..\..\FIRMWARE\PROJECT_CODE\LCCM653__RLOOP__POWER_CORE\WIN32\power_core__win32.c">
      <Filter>LCCM653__RLOOP__POWER_CORE\WIN32</Filter>
    </ClCompile>
    <ClCompile Include="..\..\..\..\FIRMWARE\PROJECT_CODE\LCCM653__RLOOP__POWER_CORE\STATE_MACHINE\power_core__state_machine.c">
      <Filter>LCCM653__RLOOP__POWER_CORE\STATE_MACHINE</Filter>
    </ClCompile>
    <ClCompile Include="..\..\..\..\FIRMWARE\PROJECT_CODE\LCCM653__RLOOP__POWER_CORE\NODE_TEMP\power_core__node_temp.c">
      <Filter>LCCM653__RLOOP__POWER_CORE\NODE_TEMP</Filter>
    </ClCompile>
    <ClCompile Include="..\..\..\..\FIRMWARE\PROJECT_CODE\LCCM653__RLOOP__POWER_CORE\NODE_PRESSURE\power_core__node_pressure.c">
      <Filter>LCCM653__RLOOP__POWER_CORE\NODE_PRESSURE</Filter>
    </ClCompile>
    <ClCompile Include="..\..\..\..\FIRMWARE\PROJECT_CODE\LCCM653__RLOOP__POWER_CORE\FAULTS\power_core__faults.c">
      <Filter>LCCM653__RLOOP__POWER_CORE\FAULTS</Filter>
    </ClCompile>
    <ClCompile Include="..\..\..\..\FIRMWARE\PROJECT_CODE\LCCM653__RLOOP__POWER_CORE\CHARGER\power_core__charger.c">
      <Filter>LCCM653__RLOOP__POWER_CORE\CHARGER</Filter>
    </ClCompile>
    <ClCompile Include="..\..\..\..\FIRMWARE\PROJECT_CODE\LCCM653__RLOOP__POWER_CORE\CHARGER\power_core__charger_ethernet.c">
      <Filter>LCCM653__RLOOP__POWER_CORE\CHARGER</Filter>
    </ClCompile>
    <ClCompile Include="..\..\..\..\FIRMWARE\PROJECT_CODE\LCCM653__RLOOP__POWER_CORE\CHARGER\IV_MEASURE\power__iv_measure.c">
      <Filter>LCCM653__RLOOP__POWER_CORE\CHARGER</Filter>
    </ClCompile>
    <ClCompile Include="..\..\..\..\FIRMWARE\PROJECT_CODE\LCCM653__RLOOP__POWER_CORE\CHARGER\RELAY\power_core__charge_relay.c">
      <Filter>LCCM653__RLOOP__POWER_CORE\CHARGER</Filter>
    </ClCompile>
    <ClCompile Include="..\..\..\..\FIRMWARE\PROJECT_CODE\LCCM653__RLOOP__POWER_CORE\DC_CONVERTER\power_core__dc_converter.c">
      <Filter>LCCM653__RLOOP__POWER_CORE\DC_CONVERTER</Filter>
    </ClCompile>
    <ClCompile Include="..\..\..\..\FIRMWARE\PROJECT_CODE\LCCM653__RLOOP__POWER_CORE\NETWORKING\power_core__net.c">
      <Filter>LCCM653__RLOOP__POWER_CORE\NETWORKING</Filter>
    </ClCompile>
    <ClCompile Include="..\..\..\..\FIRMWARE\PROJECT_CODE\LCCM653__RLOOP__POWER_CORE\NETWORKING\power_core__net__rx.c">
      <Filter>LCCM653__RLOOP__POWER_CORE\NETWORKING</Filter>
    </ClCompile>
    <ClCompile Include="..\..\..\..\FIRMWARE\PROJECT_CODE\LCCM653__RLOOP__POWER_CORE\NETWORKING\power_core__net__tx.c">
      <Filter>LCCM653__RLOOP__POWER_CORE\NETWORKING</Filter>
    </ClCompile>
    <ClCompile Include="..\..\..\..\FIRMWARE\PROJECT_CODE\LCCM653__RLOOP__POWER_CORE\REPRESS\pwr__repress.c">
      <Filter>LCCM653__RLOOP__POWER_CORE\REPRESS</Filter>
    </ClCompile>
  </ItemGroup>
  <ItemGroup>
    <ClInclude Include="localdef.h">
      <Filter>Header Files</Filter>
    </ClInclude>
    <ClInclude Include="..\..\..\..\FIRMWARE\COMMON_CODE\WIN32\DEBUG_PRINTF\debug_printf.h">
      <Filter>Source Files\WIN32\DEBUG_PRINTF</Filter>
    </ClInclude>
    <ClInclude Include="resource.h">
      <Filter>Header Files</Filter>
    </ClInclude>
    <ClInclude Include="..\..\..\..\FIRMWARE\PROJECT_CODE\LCCM653__RLOOP__POWER_CORE\power_core.h">
      <Filter>LCCM653__RLOOP__POWER_CORE</Filter>
    </ClInclude>
    <ClInclude Include="..\..\..\..\FIRMWARE\PROJECT_CODE\LCCM653__RLOOP__POWER_CORE\power_core__localdef.h">
      <Filter>LCCM653__RLOOP__POWER_CORE</Filter>
    </ClInclude>
    <ClInclude Include="..\..\..\..\FIRMWARE\COMMON_CODE\MULTICORE\LCCM012__MULTICORE__SOFTWARE_CRC\software_crc.h">
      <Filter>Source Files\MULTICORE\LCCM012__MULTICORE__SOFTWARE_CRC</Filter>
    </ClInclude>
    <ClInclude Include="..\..\..\..\FIRMWARE\COMMON_CODE\MULTICORE\LCCM118__MULTICORE__NUMERICAL\numerical.h">
      <Filter>Source Files\MULTICORE\LCCM118__MULTICORE__NUMERICAL</Filter>
    </ClInclude>
    <ClInclude Include="..\..\..\..\FIRMWARE\COMMON_CODE\MULTICORE\LCCM118__MULTICORE__NUMERICAL\numerical__structs.h">
      <Filter>Source Files\MULTICORE\LCCM118__MULTICORE__NUMERICAL</Filter>
    </ClInclude>
    <ClInclude Include="..\..\..\..\FIRMWARE\COMMON_CODE\MULTICORE\LCCM284__MULTICORE__FAULT_TREE\fault_tree.h">
      <Filter>Source Files\MULTICORE\LCCM284__MULTICORE__FAULT_TREE</Filter>
    </ClInclude>
    <ClInclude Include="..\..\..\..\FIRMWARE\COMMON_CODE\MULTICORE\LCCM284__MULTICORE__FAULT_TREE\fault_tree__public.h">
      <Filter>Source Files\MULTICORE\LCCM284__MULTICORE__FAULT_TREE</Filter>
    </ClInclude>
    <ClInclude Include="..\..\..\..\FIRMWARE\PROJECT_CODE\LCCM653__RLOOP__POWER_CORE\CHARGER\IV_MEASURE\power__iv_measure__fault_flags.h">
      <Filter>LCCM653__RLOOP__POWER_CORE\CHARGER</Filter>
    </ClInclude>
  </ItemGroup>
</Project>